
Microsoft Visual Studio Solution File, Format Version 12.00
# Visual Studio 15
VisualStudioVersion = 15.0.28307.329
MinimumVisualStudioVersion = 10.0.40219.1
Project("{9A19103F-16F7-4668-BE54-9A1E7A4F7556}") = "Microsoft.VisualStudio.Templates.MLDotNet", "Microsoft.VisualStudio.Templates.MLDotNet.csproj", "{9D9FBD59-467C-4934-81F9-452FDA52E730}"
EndProject
Global
	GlobalSection(SolutionConfigurationPlatforms) = preSolution
		Debug|Any CPU = Debug|Any CPU
		Release|Any CPU = Release|Any CPU
	EndGlobalSection
	GlobalSection(ProjectConfigurationPlatforms) = postSolution
		{9D9FBD59-467C-4934-81F9-452FDA52E730}.Debug|Any CPU.ActiveCfg = Debug|Any CPU
		{9D9FBD59-467C-4934-81F9-452FDA52E730}.Debug|Any CPU.Build.0 = Debug|Any CPU
		{9D9FBD59-467C-4934-81F9-452FDA52E730}.Release|Any CPU.ActiveCfg = Release|Any CPU
		{9D9FBD59-467C-4934-81F9-452FDA52E730}.Release|Any CPU.Build.0 = Release|Any CPU
	EndGlobalSection
	GlobalSection(SolutionProperties) = preSolution
		HideSolutionNode = FALSE
	EndGlobalSection
	GlobalSection(ExtensibilityGlobals) = postSolution
		SolutionGuid = {4D20CBE8-37BF-45CA-8E2D-06A42BF0D1CB}
	EndGlobalSection
EndGlobal
