
Microsoft Visual Studio Solution File, Format Version 12.00
# Visual Studio 15
VisualStudioVersion = 15.0.26124.0
MinimumVisualStudioVersion = 15.0.26124.0
Project("{2150E333-8FDC-42A3-9474-1A3956D46DE8}") = "src", "src", "{99C404AA-E67A-41BC-B14E-DE771D7B8393}"
EndProject
Project("{2150E333-8FDC-42A3-9474-1A3956D46DE8}") = "Setup", "Setup", "{E54462A5-4693-4469-937C-FBE1FCD7A69C}"
EndProject
Project("{FAE04EC0-301F-11D3-BF4B-00C04F79EFBC}") = "Microsoft.VisualStudio.GettingStartedTemplates.Common.Setup", "src\Setup\Microsoft.VisualStudio.GettingStartedTemplates.Common.Setup\Microsoft.VisualStudio.GettingStartedTemplates.Common.Setup.csproj", "{187950BA-8041-4891-BFE8-886741C2DE47}"
EndProject
Project("{FAE04EC0-301F-11D3-BF4B-00C04F79EFBC}") = "Microsoft.VisualStudio.GettingStartedTemplates.Console.Setup", "src\Setup\Microsoft.VisualStudio.GettingStartedTemplates.Console.Setup\Microsoft.VisualStudio.GettingStartedTemplates.Console.Setup.csproj", "{8CD376BA-F4D3-4D67-9CCD-146AF3A07D8A}"
EndProject
Project("{FAE04EC0-301F-11D3-BF4B-00C04F79EFBC}") = "Microsoft.VisualStudio.GettingStartedTemplates.Desktop.Setup", "src\Setup\Microsoft.VisualStudio.GettingStartedTemplates.Desktop.Setup\Microsoft.VisualStudio.GettingStartedTemplates.Desktop.Setup.csproj", "{6A4DF8D8-DE63-4F2B-AE85-6F2E200A8789}"
EndProject
Project("{FAE04EC0-301F-11D3-BF4B-00C04F79EFBC}") = "Microsoft.VisualStudio.GettingStartedTemplates.Web.Setup", "src\Setup\Microsoft.VisualStudio.GettingStartedTemplates.Web.Setup\Microsoft.VisualStudio.GettingStartedTemplates.Web.Setup.csproj", "{543C7FEB-C918-4B82-8913-AF91D2B9ABA4}"
EndProject
Project("{2150E333-8FDC-42A3-9474-1A3956D46DE8}") = "Tools", "Tools", "{9181AD33-0513-404A-9967-6CF555BA159B}"
EndProject
Project("{FAE04EC0-301F-11D3-BF4B-00C04F79EFBC}") = "GettingStartedTemplates.Mobile.Wizard", "src\Tools\GettingStartedTemplates.Mobile.Wizard\GettingStartedTemplates.Mobile.Wizard.csproj", "{75316BF8-9CC2-40FD-881C-D1FCB8F0AEF6}"
EndProject
Project("{FAE04EC0-301F-11D3-BF4B-00C04F79EFBC}") = "Microsoft.VisualStudio.GettingStartedTemplates.Mobile.Setup", "src\Setup\Microsoft.VisualStudio.GettingStartedTemplates.Mobile.Setup\Microsoft.VisualStudio.GettingStartedTemplates.Mobile.Setup.csproj", "{A94258C5-005D-4487-A541-75B7F57BF008}"
EndProject
Global
	GlobalSection(SolutionConfigurationPlatforms) = preSolution
		Debug|Any CPU = Debug|Any CPU
		Debug|x64 = Debug|x64
		Debug|x86 = Debug|x86
		Release|Any CPU = Release|Any CPU
		Release|x64 = Release|x64
		Release|x86 = Release|x86
	EndGlobalSection
	GlobalSection(SolutionProperties) = preSolution
		HideSolutionNode = FALSE
	EndGlobalSection
	GlobalSection(ProjectConfigurationPlatforms) = postSolution
		{187950BA-8041-4891-BFE8-886741C2DE47}.Debug|Any CPU.ActiveCfg = Debug|Any CPU
		{187950BA-8041-4891-BFE8-886741C2DE47}.Debug|Any CPU.Build.0 = Debug|Any CPU
		{187950BA-8041-4891-BFE8-886741C2DE47}.Debug|x64.ActiveCfg = Debug|x64
		{187950BA-8041-4891-BFE8-886741C2DE47}.Debug|x64.Build.0 = Debug|x64
		{187950BA-8041-4891-BFE8-886741C2DE47}.Debug|x86.ActiveCfg = Debug|x86
		{187950BA-8041-4891-BFE8-886741C2DE47}.Debug|x86.Build.0 = Debug|x86
		{187950BA-8041-4891-BFE8-886741C2DE47}.Release|Any CPU.ActiveCfg = Release|Any CPU
		{187950BA-8041-4891-BFE8-886741C2DE47}.Release|Any CPU.Build.0 = Release|Any CPU
		{187950BA-8041-4891-BFE8-886741C2DE47}.Release|x64.ActiveCfg = Release|x64
		{187950BA-8041-4891-BFE8-886741C2DE47}.Release|x64.Build.0 = Release|x64
		{187950BA-8041-4891-BFE8-886741C2DE47}.Release|x86.ActiveCfg = Release|x86
		{187950BA-8041-4891-BFE8-886741C2DE47}.Release|x86.Build.0 = Release|x86
		{8CD376BA-F4D3-4D67-9CCD-146AF3A07D8A}.Debug|Any CPU.ActiveCfg = Debug|Any CPU
		{8CD376BA-F4D3-4D67-9CCD-146AF3A07D8A}.Debug|Any CPU.Build.0 = Debug|Any CPU
		{8CD376BA-F4D3-4D67-9CCD-146AF3A07D8A}.Debug|x64.ActiveCfg = Debug|x64
		{8CD376BA-F4D3-4D67-9CCD-146AF3A07D8A}.Debug|x64.Build.0 = Debug|x64
		{8CD376BA-F4D3-4D67-9CCD-146AF3A07D8A}.Debug|x86.ActiveCfg = Debug|x86
		{8CD376BA-F4D3-4D67-9CCD-146AF3A07D8A}.Debug|x86.Build.0 = Debug|x86
		{8CD376BA-F4D3-4D67-9CCD-146AF3A07D8A}.Release|Any CPU.ActiveCfg = Release|Any CPU
		{8CD376BA-F4D3-4D67-9CCD-146AF3A07D8A}.Release|Any CPU.Build.0 = Release|Any CPU
		{8CD376BA-F4D3-4D67-9CCD-146AF3A07D8A}.Release|x64.ActiveCfg = Release|x64
		{8CD376BA-F4D3-4D67-9CCD-146AF3A07D8A}.Release|x64.Build.0 = Release|x64
		{8CD376BA-F4D3-4D67-9CCD-146AF3A07D8A}.Release|x86.ActiveCfg = Release|x86
		{8CD376BA-F4D3-4D67-9CCD-146AF3A07D8A}.Release|x86.Build.0 = Release|x86
		{6A4DF8D8-DE63-4F2B-AE85-6F2E200A8789}.Debug|Any CPU.ActiveCfg = Debug|Any CPU
		{6A4DF8D8-DE63-4F2B-AE85-6F2E200A8789}.Debug|Any CPU.Build.0 = Debug|Any CPU
		{6A4DF8D8-DE63-4F2B-AE85-6F2E200A8789}.Debug|x64.ActiveCfg = Debug|x64
		{6A4DF8D8-DE63-4F2B-AE85-6F2E200A8789}.Debug|x64.Build.0 = Debug|x64
		{6A4DF8D8-DE63-4F2B-AE85-6F2E200A8789}.Debug|x86.ActiveCfg = Debug|x86
		{6A4DF8D8-DE63-4F2B-AE85-6F2E200A8789}.Debug|x86.Build.0 = Debug|x86
		{6A4DF8D8-DE63-4F2B-AE85-6F2E200A8789}.Release|Any CPU.ActiveCfg = Release|Any CPU
		{6A4DF8D8-DE63-4F2B-AE85-6F2E200A8789}.Release|Any CPU.Build.0 = Release|Any CPU
		{6A4DF8D8-DE63-4F2B-AE85-6F2E200A8789}.Release|x64.ActiveCfg = Release|x64
		{6A4DF8D8-DE63-4F2B-AE85-6F2E200A8789}.Release|x64.Build.0 = Release|x64
		{6A4DF8D8-DE63-4F2B-AE85-6F2E200A8789}.Release|x86.ActiveCfg = Release|x86
		{6A4DF8D8-DE63-4F2B-AE85-6F2E200A8789}.Release|x86.Build.0 = Release|x86
		{543C7FEB-C918-4B82-8913-AF91D2B9ABA4}.Debug|Any CPU.ActiveCfg = Debug|Any CPU
		{543C7FEB-C918-4B82-8913-AF91D2B9ABA4}.Debug|Any CPU.Build.0 = Debug|Any CPU
		{543C7FEB-C918-4B82-8913-AF91D2B9ABA4}.Debug|x64.ActiveCfg = Debug|x64
		{543C7FEB-C918-4B82-8913-AF91D2B9ABA4}.Debug|x64.Build.0 = Debug|x64
		{543C7FEB-C918-4B82-8913-AF91D2B9ABA4}.Debug|x86.ActiveCfg = Debug|x86
		{543C7FEB-C918-4B82-8913-AF91D2B9ABA4}.Debug|x86.Build.0 = Debug|x86
		{543C7FEB-C918-4B82-8913-AF91D2B9ABA4}.Release|Any CPU.ActiveCfg = Release|Any CPU
		{543C7FEB-C918-4B82-8913-AF91D2B9ABA4}.Release|Any CPU.Build.0 = Release|Any CPU
		{543C7FEB-C918-4B82-8913-AF91D2B9ABA4}.Release|x64.ActiveCfg = Release|x64
		{543C7FEB-C918-4B82-8913-AF91D2B9ABA4}.Release|x64.Build.0 = Release|x64
		{543C7FEB-C918-4B82-8913-AF91D2B9ABA4}.Release|x86.ActiveCfg = Release|x86
		{543C7FEB-C918-4B82-8913-AF91D2B9ABA4}.Release|x86.Build.0 = Release|x86
		{75316BF8-9CC2-40FD-881C-D1FCB8F0AEF6}.Debug|Any CPU.ActiveCfg = Debug|Any CPU
		{75316BF8-9CC2-40FD-881C-D1FCB8F0AEF6}.Debug|Any CPU.Build.0 = Debug|Any CPU
		{75316BF8-9CC2-40FD-881C-D1FCB8F0AEF6}.Debug|x64.ActiveCfg = Debug|x64
		{75316BF8-9CC2-40FD-881C-D1FCB8F0AEF6}.Debug|x64.Build.0 = Debug|x64
		{75316BF8-9CC2-40FD-881C-D1FCB8F0AEF6}.Debug|x86.ActiveCfg = Debug|x86
		{75316BF8-9CC2-40FD-881C-D1FCB8F0AEF6}.Debug|x86.Build.0 = Debug|x86
		{75316BF8-9CC2-40FD-881C-D1FCB8F0AEF6}.Release|Any CPU.ActiveCfg = Release|Any CPU
		{75316BF8-9CC2-40FD-881C-D1FCB8F0AEF6}.Release|Any CPU.Build.0 = Release|Any CPU
		{75316BF8-9CC2-40FD-881C-D1FCB8F0AEF6}.Release|x64.ActiveCfg = Release|x64
		{75316BF8-9CC2-40FD-881C-D1FCB8F0AEF6}.Release|x64.Build.0 = Release|x64
		{75316BF8-9CC2-40FD-881C-D1FCB8F0AEF6}.Release|x86.ActiveCfg = Release|x86
		{75316BF8-9CC2-40FD-881C-D1FCB8F0AEF6}.Release|x86.Build.0 = Release|x86
		{A94258C5-005D-4487-A541-75B7F57BF008}.Debug|Any CPU.ActiveCfg = Debug|Any CPU
		{A94258C5-005D-4487-A541-75B7F57BF008}.Debug|Any CPU.Build.0 = Debug|Any CPU
		{A94258C5-005D-4487-A541-75B7F57BF008}.Debug|x64.ActiveCfg = Debug|x64
		{A94258C5-005D-4487-A541-75B7F57BF008}.Debug|x64.Build.0 = Debug|x64
		{A94258C5-005D-4487-A541-75B7F57BF008}.Debug|x86.ActiveCfg = Debug|x86
		{A94258C5-005D-4487-A541-75B7F57BF008}.Debug|x86.Build.0 = Debug|x86
		{A94258C5-005D-4487-A541-75B7F57BF008}.Release|Any CPU.ActiveCfg = Release|Any CPU
		{A94258C5-005D-4487-A541-75B7F57BF008}.Release|Any CPU.Build.0 = Release|Any CPU
		{A94258C5-005D-4487-A541-75B7F57BF008}.Release|x64.ActiveCfg = Release|x64
		{A94258C5-005D-4487-A541-75B7F57BF008}.Release|x64.Build.0 = Release|x64
		{A94258C5-005D-4487-A541-75B7F57BF008}.Release|x86.ActiveCfg = Release|x86
		{A94258C5-005D-4487-A541-75B7F57BF008}.Release|x86.Build.0 = Release|x86
	EndGlobalSection
	GlobalSection(NestedProjects) = preSolution
		{E54462A5-4693-4469-937C-FBE1FCD7A69C} = {99C404AA-E67A-41BC-B14E-DE771D7B8393}
		{187950BA-8041-4891-BFE8-886741C2DE47} = {E54462A5-4693-4469-937C-FBE1FCD7A69C}
		{8CD376BA-F4D3-4D67-9CCD-146AF3A07D8A} = {E54462A5-4693-4469-937C-FBE1FCD7A69C}
		{6A4DF8D8-DE63-4F2B-AE85-6F2E200A8789} = {E54462A5-4693-4469-937C-FBE1FCD7A69C}
		{543C7FEB-C918-4B82-8913-AF91D2B9ABA4} = {E54462A5-4693-4469-937C-FBE1FCD7A69C}
		{9181AD33-0513-404A-9967-6CF555BA159B} = {99C404AA-E67A-41BC-B14E-DE771D7B8393}
		{75316BF8-9CC2-40FD-881C-D1FCB8F0AEF6} = {9181AD33-0513-404A-9967-6CF555BA159B}
		{A94258C5-005D-4487-A541-75B7F57BF008} = {E54462A5-4693-4469-937C-FBE1FCD7A69C}
	EndGlobalSection
EndGlobal
