Microsoft Visual Studio Solution File, Format Version 12.00
# Visual Studio 15
VisualStudioVersion = 15.0.27411.0
MinimumVisualStudioVersion = 10.0.40219.1
Project("{2150E333-8FDC-42A3-9474-1A3956D46DE8}") = "src", "src", "{354E4CA5-DCA7-4912-AE73-00867F5ED3CB}"
EndProject
Project("{FAE04EC0-301F-11D3-BF4B-00C04F79EFBC}") = "Microsoft.VisualStudio.GettingStartedTemplates.Console", "src\Microsoft.VisualStudio.GettingStartedTemplates.Console\Microsoft.VisualStudio.GettingStartedTemplates.Console.csproj", "{A8D2EA9A-4509-4390-ACDE-A175CC6BCDF7}"
EndProject
Project("{FAE04EC0-301F-11D3-BF4B-00C04F79EFBC}") = "Microsoft.VisualStudio.GettingStartedTemplates.Desktop", "src\Microsoft.VisualStudio.GettingStartedTemplates.Desktop\Microsoft.VisualStudio.GettingStartedTemplates.Desktop.csproj", "{BAEE85EB-BBAE-487E-830A-F18C9C5FAADF}"
EndProject
Project("{FAE04EC0-301F-11D3-BF4B-00C04F79EFBC}") = "Microsoft.VisualStudio.GettingStartedTemplates.Web", "src\Microsoft.VisualStudio.GettingStartedTemplates.Web\Microsoft.VisualStudio.GettingStartedTemplates.Web.csproj", "{D3E6D5E8-F8D9-4B9E-BDED-FEC790F4F3D6}"
EndProject
Project("{FAE04EC0-301F-11D3-BF4B-00C04F79EFBC}") = "Microsoft.VisualStudio.GettingStartedTemplates.Mobile", "src\Microsoft.VisualStudio.GettingStartedTemplates.Mobile\Microsoft.VisualStudio.GettingStartedTemplates.Mobile.csproj", "{70B83952-49A8-4F5C-9380-12A56E33A527}"
EndProject
Project("{FAE04EC0-301F-11D3-BF4B-00C04F79EFBC}") = "GettingStartedTemplates.Mobile.Wizard", "src\GettingStartedTemplates.Mobile.Wizard\GettingStartedTemplates.Mobile.Wizard.csproj", "{7D591371-23F7-4669-9CC9-FE6B2A9E862A}"
EndProject
Global
	GlobalSection(SolutionConfigurationPlatforms) = preSolution
		Debug|Any CPU = Debug|Any CPU
		Debug|x64 = Debug|x64
		Debug|x86 = Debug|x86
		Release|Any CPU = Release|Any CPU
		Release|x64 = Release|x64
		Release|x86 = Release|x86
	EndGlobalSection
	GlobalSection(ProjectConfigurationPlatforms) = postSolution
		{A8D2EA9A-4509-4390-ACDE-A175CC6BCDF7}.Debug|Any CPU.ActiveCfg = Debug|Any CPU
		{A8D2EA9A-4509-4390-ACDE-A175CC6BCDF7}.Debug|Any CPU.Build.0 = Debug|Any CPU
		{A8D2EA9A-4509-4390-ACDE-A175CC6BCDF7}.Debug|x64.ActiveCfg = Debug|Any CPU
		{A8D2EA9A-4509-4390-ACDE-A175CC6BCDF7}.Debug|x64.Build.0 = Debug|Any CPU
		{A8D2EA9A-4509-4390-ACDE-A175CC6BCDF7}.Debug|x86.ActiveCfg = Debug|Any CPU
		{A8D2EA9A-4509-4390-ACDE-A175CC6BCDF7}.Debug|x86.Build.0 = Debug|Any CPU
		{A8D2EA9A-4509-4390-ACDE-A175CC6BCDF7}.Release|Any CPU.ActiveCfg = Release|Any CPU
		{A8D2EA9A-4509-4390-ACDE-A175CC6BCDF7}.Release|Any CPU.Build.0 = Release|Any CPU
		{A8D2EA9A-4509-4390-ACDE-A175CC6BCDF7}.Release|x64.ActiveCfg = Release|Any CPU
		{A8D2EA9A-4509-4390-ACDE-A175CC6BCDF7}.Release|x64.Build.0 = Release|Any CPU
		{A8D2EA9A-4509-4390-ACDE-A175CC6BCDF7}.Release|x86.ActiveCfg = Release|Any CPU
		{A8D2EA9A-4509-4390-ACDE-A175CC6BCDF7}.Release|x86.Build.0 = Release|Any CPU
		{BAEE85EB-BBAE-487E-830A-F18C9C5FAADF}.Debug|Any CPU.ActiveCfg = Debug|Any CPU
		{BAEE85EB-BBAE-487E-830A-F18C9C5FAADF}.Debug|Any CPU.Build.0 = Debug|Any CPU
		{BAEE85EB-BBAE-487E-830A-F18C9C5FAADF}.Debug|x64.ActiveCfg = Debug|Any CPU
		{BAEE85EB-BBAE-487E-830A-F18C9C5FAADF}.Debug|x64.Build.0 = Debug|Any CPU
		{BAEE85EB-BBAE-487E-830A-F18C9C5FAADF}.Debug|x86.ActiveCfg = Debug|Any CPU
		{BAEE85EB-BBAE-487E-830A-F18C9C5FAADF}.Debug|x86.Build.0 = Debug|Any CPU
		{BAEE85EB-BBAE-487E-830A-F18C9C5FAADF}.Release|Any CPU.ActiveCfg = Release|Any CPU
		{BAEE85EB-BBAE-487E-830A-F18C9C5FAADF}.Release|Any CPU.Build.0 = Release|Any CPU
		{BAEE85EB-BBAE-487E-830A-F18C9C5FAADF}.Release|x64.ActiveCfg = Release|Any CPU
		{BAEE85EB-BBAE-487E-830A-F18C9C5FAADF}.Release|x64.Build.0 = Release|Any CPU
		{BAEE85EB-BBAE-487E-830A-F18C9C5FAADF}.Release|x86.ActiveCfg = Release|Any CPU
		{BAEE85EB-BBAE-487E-830A-F18C9C5FAADF}.Release|x86.Build.0 = Release|Any CPU
		{D3E6D5E8-F8D9-4B9E-BDED-FEC790F4F3D6}.Debug|Any CPU.ActiveCfg = Debug|Any CPU
		{D3E6D5E8-F8D9-4B9E-BDED-FEC790F4F3D6}.Debug|Any CPU.Build.0 = Debug|Any CPU
		{D3E6D5E8-F8D9-4B9E-BDED-FEC790F4F3D6}.Debug|x64.ActiveCfg = Debug|x64
		{D3E6D5E8-F8D9-4B9E-BDED-FEC790F4F3D6}.Debug|x64.Build.0 = Debug|x64
		{D3E6D5E8-F8D9-4B9E-BDED-FEC790F4F3D6}.Debug|x86.ActiveCfg = Debug|x86
		{D3E6D5E8-F8D9-4B9E-BDED-FEC790F4F3D6}.Debug|x86.Build.0 = Debug|x86
		{D3E6D5E8-F8D9-4B9E-BDED-FEC790F4F3D6}.Release|Any CPU.ActiveCfg = Release|Any CPU
		{D3E6D5E8-F8D9-4B9E-BDED-FEC790F4F3D6}.Release|Any CPU.Build.0 = Release|Any CPU
		{D3E6D5E8-F8D9-4B9E-BDED-FEC790F4F3D6}.Release|x64.ActiveCfg = Release|x64
		{D3E6D5E8-F8D9-4B9E-BDED-FEC790F4F3D6}.Release|x64.Build.0 = Release|x64
		{D3E6D5E8-F8D9-4B9E-BDED-FEC790F4F3D6}.Release|x86.ActiveCfg = Release|x86
		{D3E6D5E8-F8D9-4B9E-BDED-FEC790F4F3D6}.Release|x86.Build.0 = Release|x86
		{70B83952-49A8-4F5C-9380-12A56E33A527}.Debug|Any CPU.ActiveCfg = Debug|Any CPU
		{70B83952-49A8-4F5C-9380-12A56E33A527}.Debug|Any CPU.Build.0 = Debug|Any CPU
		{70B83952-49A8-4F5C-9380-12A56E33A527}.Debug|x64.ActiveCfg = Debug|x64
		{70B83952-49A8-4F5C-9380-12A56E33A527}.Debug|x64.Build.0 = Debug|x64
		{70B83952-49A8-4F5C-9380-12A56E33A527}.Debug|x86.ActiveCfg = Debug|x86
		{70B83952-49A8-4F5C-9380-12A56E33A527}.Debug|x86.Build.0 = Debug|x86
		{70B83952-49A8-4F5C-9380-12A56E33A527}.Release|Any CPU.ActiveCfg = Release|Any CPU
		{70B83952-49A8-4F5C-9380-12A56E33A527}.Release|Any CPU.Build.0 = Release|Any CPU
		{70B83952-49A8-4F5C-9380-12A56E33A527}.Release|x64.ActiveCfg = Release|x64
		{70B83952-49A8-4F5C-9380-12A56E33A527}.Release|x64.Build.0 = Release|x64
		{70B83952-49A8-4F5C-9380-12A56E33A527}.Release|x86.ActiveCfg = Release|x86
		{70B83952-49A8-4F5C-9380-12A56E33A527}.Release|x86.Build.0 = Release|x86
		{7D591371-23F7-4669-9CC9-FE6B2A9E862A}.Debug|Any CPU.ActiveCfg = Debug|Any CPU
		{7D591371-23F7-4669-9CC9-FE6B2A9E862A}.Debug|Any CPU.Build.0 = Debug|Any CPU
		{7D591371-23F7-4669-9CC9-FE6B2A9E862A}.Debug|x64.ActiveCfg = Debug|x64
		{7D591371-23F7-4669-9CC9-FE6B2A9E862A}.Debug|x64.Build.0 = Debug|x64
		{7D591371-23F7-4669-9CC9-FE6B2A9E862A}.Debug|x86.ActiveCfg = Debug|x86
		{7D591371-23F7-4669-9CC9-FE6B2A9E862A}.Debug|x86.Build.0 = Debug|x86
		{7D591371-23F7-4669-9CC9-FE6B2A9E862A}.Release|Any CPU.ActiveCfg = Release|Any CPU
		{7D591371-23F7-4669-9CC9-FE6B2A9E862A}.Release|Any CPU.Build.0 = Release|Any CPU
		{7D591371-23F7-4669-9CC9-FE6B2A9E862A}.Release|x64.ActiveCfg = Release|x64
		{7D591371-23F7-4669-9CC9-FE6B2A9E862A}.Release|x64.Build.0 = Release|x64
		{7D591371-23F7-4669-9CC9-FE6B2A9E862A}.Release|x86.ActiveCfg = Release|x86
		{7D591371-23F7-4669-9CC9-FE6B2A9E862A}.Release|x86.Build.0 = Release|x86
	EndGlobalSection
	GlobalSection(SolutionProperties) = preSolution
		HideSolutionNode = FALSE
	EndGlobalSection
	GlobalSection(NestedProjects) = preSolution
		{A8D2EA9A-4509-4390-ACDE-A175CC6BCDF7} = {354E4CA5-DCA7-4912-AE73-00867F5ED3CB}
		{BAEE85EB-BBAE-487E-830A-F18C9C5FAADF} = {354E4CA5-DCA7-4912-AE73-00867F5ED3CB}
		{D3E6D5E8-F8D9-4B9E-BDED-FEC790F4F3D6} = {354E4CA5-DCA7-4912-AE73-00867F5ED3CB}
		{70B83952-49A8-4F5C-9380-12A56E33A527} = {354E4CA5-DCA7-4912-AE73-00867F5ED3CB}
		{7D591371-23F7-4669-9CC9-FE6B2A9E862A} = {354E4CA5-DCA7-4912-AE73-00867F5ED3CB}
	EndGlobalSection
	GlobalSection(ExtensibilityGlobals) = postSolution
		SolutionGuid = {6F3FC446-CADE-4812-8487-19861157EA49}
	EndGlobalSection
EndGlobal
