
Microsoft Visual Studio Solution File, Format Version 12.00
# Visual Studio Version 17
VisualStudioVersion = 17.3.32418.120
MinimumVisualStudioVersion = 10.0.40219.1
Project("{2150E333-8FDC-42A3-9474-1A3956D46DE8}") = "src", "src", "{CEAFE05D-9079-44A2-80E0-9D9C1CAD8B85}"
EndProject
Project("{2150E333-8FDC-42A3-9474-1A3956D46DE8}") = "Tools", "Tools", "{71612166-740D-4489-86E6-0B1BD6487462}"
EndProject
Project("{2150E333-8FDC-42A3-9474-1A3956D46DE8}") = "Setup", "Setup", "{A6D5C98C-60B9-424A-8BFF-775C354B9FCC}"
EndProject
Project("{2150E333-8FDC-42A3-9474-1A3956D46DE8}") = "Editorconfig", "Editorconfig", "{DC5D5B1E-0B1A-4921-B2BE-DBBA9A25D361}"
EndProject
Project("{2150E333-8FDC-42A3-9474-1A3956D46DE8}") = "Templates", "Templates", "{1BBCEFE6-1F67-4BBB-BDE7-E752AD8B023C}"
EndProject
Project("{2150E333-8FDC-42A3-9474-1A3956D46DE8}") = "Editorconfig", "Editorconfig", "{919FC51B-82F1-41C5-982E-C2F082371046}"
EndProject
Project("{9A19103F-16F7-4668-BE54-9A1E7A4F7556}") = "Microsoft.VisualStudio.Templates.Editorconfig", "src\Templates\Editorconfig\Microsoft.VisualStudio.Templates.Editorconfig\Microsoft.VisualStudio.Templates.Editorconfig.csproj", "{9D2ABE7E-EA38-4B47-8CEF-653840BB4D65}"
EndProject
Project("{9A19103F-16F7-4668-BE54-9A1E7A4F7556}") = "Microsoft.VisualStudio.Templates.Editorconfig.Setup", "src\Setup\Editorconfig\Microsoft.VisualStudio.Templates.Editorconfig.Setup\Microsoft.VisualStudio.Templates.Editorconfig.Setup.csproj", "{6FD38D20-D8DF-43BE-B6DA-369E3D4B44C8}"
EndProject
Project("{9A19103F-16F7-4668-BE54-9A1E7A4F7556}") = "Microsoft.VisualStudio.Templates.Editorconfig.Wizard.Setup", "src\Setup\Editorconfig\Microsoft.VisualStudio.Templates.Editorconfig.Wizard.Setup\Microsoft.VisualStudio.Templates.Editorconfig.Wizard.Setup.csproj", "{5499ED4E-A7D6-4519-AA50-BA03A22D2284}"
EndProject
Project("{9A19103F-16F7-4668-BE54-9A1E7A4F7556}") = "Microsoft.VisualStudio.Templates.Editorconfig.Wizard", "src\Tools\Microsoft.VisualStudio.Templates.Editorconfig.Wizard\Microsoft.VisualStudio.Templates.Editorconfig.Wizard.csproj", "{14FB6077-8F5C-4487-B8E3-400DBE9E004F}"
EndProject
Global
	GlobalSection(SolutionConfigurationPlatforms) = preSolution
		Debug|Any CPU = Debug|Any CPU
		Debug|x64 = Debug|x64
		Debug|x86 = Debug|x86
		Release|Any CPU = Release|Any CPU
		Release|x64 = Release|x64
		Release|x86 = Release|x86
	EndGlobalSection
	GlobalSection(ProjectConfigurationPlatforms) = postSolution
		{9D2ABE7E-EA38-4B47-8CEF-653840BB4D65}.Debug|Any CPU.ActiveCfg = Debug|Any CPU
		{9D2ABE7E-EA38-4B47-8CEF-653840BB4D65}.Debug|Any CPU.Build.0 = Debug|Any CPU
		{9D2ABE7E-EA38-4B47-8CEF-653840BB4D65}.Debug|x64.ActiveCfg = Debug|Any CPU
		{9D2ABE7E-EA38-4B47-8CEF-653840BB4D65}.Debug|x64.Build.0 = Debug|Any CPU
		{9D2ABE7E-EA38-4B47-8CEF-653840BB4D65}.Debug|x86.ActiveCfg = Debug|Any CPU
		{9D2ABE7E-EA38-4B47-8CEF-653840BB4D65}.Debug|x86.Build.0 = Debug|Any CPU
		{9D2ABE7E-EA38-4B47-8CEF-653840BB4D65}.Release|Any CPU.ActiveCfg = Release|Any CPU
		{9D2ABE7E-EA38-4B47-8CEF-653840BB4D65}.Release|Any CPU.Build.0 = Release|Any CPU
		{9D2ABE7E-EA38-4B47-8CEF-653840BB4D65}.Release|x64.ActiveCfg = Release|Any CPU
		{9D2ABE7E-EA38-4B47-8CEF-653840BB4D65}.Release|x64.Build.0 = Release|Any CPU
		{9D2ABE7E-EA38-4B47-8CEF-653840BB4D65}.Release|x86.ActiveCfg = Release|Any CPU
		{9D2ABE7E-EA38-4B47-8CEF-653840BB4D65}.Release|x86.Build.0 = Release|Any CPU
		{6FD38D20-D8DF-43BE-B6DA-369E3D4B44C8}.Debug|Any CPU.ActiveCfg = Debug|Any CPU
		{6FD38D20-D8DF-43BE-B6DA-369E3D4B44C8}.Debug|Any CPU.Build.0 = Debug|Any CPU
		{6FD38D20-D8DF-43BE-B6DA-369E3D4B44C8}.Debug|x64.ActiveCfg = Debug|Any CPU
		{6FD38D20-D8DF-43BE-B6DA-369E3D4B44C8}.Debug|x64.Build.0 = Debug|Any CPU
		{6FD38D20-D8DF-43BE-B6DA-369E3D4B44C8}.Debug|x86.ActiveCfg = Debug|Any CPU
		{6FD38D20-D8DF-43BE-B6DA-369E3D4B44C8}.Debug|x86.Build.0 = Debug|Any CPU
		{6FD38D20-D8DF-43BE-B6DA-369E3D4B44C8}.Release|Any CPU.ActiveCfg = Release|Any CPU
		{6FD38D20-D8DF-43BE-B6DA-369E3D4B44C8}.Release|Any CPU.Build.0 = Release|Any CPU
		{6FD38D20-D8DF-43BE-B6DA-369E3D4B44C8}.Release|x64.ActiveCfg = Release|Any CPU
		{6FD38D20-D8DF-43BE-B6DA-369E3D4B44C8}.Release|x64.Build.0 = Release|Any CPU
		{6FD38D20-D8DF-43BE-B6DA-369E3D4B44C8}.Release|x86.ActiveCfg = Release|Any CPU
		{6FD38D20-D8DF-43BE-B6DA-369E3D4B44C8}.Release|x86.Build.0 = Release|Any CPU
		{5499ED4E-A7D6-4519-AA50-BA03A22D2284}.Debug|Any CPU.ActiveCfg = Debug|Any CPU
		{5499ED4E-A7D6-4519-AA50-BA03A22D2284}.Debug|Any CPU.Build.0 = Debug|Any CPU
		{5499ED4E-A7D6-4519-AA50-BA03A22D2284}.Debug|x64.ActiveCfg = Debug|Any CPU
		{5499ED4E-A7D6-4519-AA50-BA03A22D2284}.Debug|x64.Build.0 = Debug|Any CPU
		{5499ED4E-A7D6-4519-AA50-BA03A22D2284}.Debug|x86.ActiveCfg = Debug|Any CPU
		{5499ED4E-A7D6-4519-AA50-BA03A22D2284}.Debug|x86.Build.0 = Debug|Any CPU
		{5499ED4E-A7D6-4519-AA50-BA03A22D2284}.Release|Any CPU.ActiveCfg = Release|Any CPU
		{5499ED4E-A7D6-4519-AA50-BA03A22D2284}.Release|Any CPU.Build.0 = Release|Any CPU
		{5499ED4E-A7D6-4519-AA50-BA03A22D2284}.Release|x64.ActiveCfg = Release|Any CPU
		{5499ED4E-A7D6-4519-AA50-BA03A22D2284}.Release|x64.Build.0 = Release|Any CPU
		{5499ED4E-A7D6-4519-AA50-BA03A22D2284}.Release|x86.ActiveCfg = Release|Any CPU
		{5499ED4E-A7D6-4519-AA50-BA03A22D2284}.Release|x86.Build.0 = Release|Any CPU
		{14FB6077-8F5C-4487-B8E3-400DBE9E004F}.Debug|Any CPU.ActiveCfg = Debug|Any CPU
		{14FB6077-8F5C-4487-B8E3-400DBE9E004F}.Debug|Any CPU.Build.0 = Debug|Any CPU
		{14FB6077-8F5C-4487-B8E3-400DBE9E004F}.Debug|x64.ActiveCfg = Debug|Any CPU
		{14FB6077-8F5C-4487-B8E3-400DBE9E004F}.Debug|x64.Build.0 = Debug|Any CPU
		{14FB6077-8F5C-4487-B8E3-400DBE9E004F}.Debug|x86.ActiveCfg = Debug|Any CPU
		{14FB6077-8F5C-4487-B8E3-400DBE9E004F}.Debug|x86.Build.0 = Debug|Any CPU
		{14FB6077-8F5C-4487-B8E3-400DBE9E004F}.Release|Any CPU.ActiveCfg = Release|Any CPU
		{14FB6077-8F5C-4487-B8E3-400DBE9E004F}.Release|Any CPU.Build.0 = Release|Any CPU
		{14FB6077-8F5C-4487-B8E3-400DBE9E004F}.Release|x64.ActiveCfg = Release|Any CPU
		{14FB6077-8F5C-4487-B8E3-400DBE9E004F}.Release|x64.Build.0 = Release|Any CPU
		{14FB6077-8F5C-4487-B8E3-400DBE9E004F}.Release|x86.ActiveCfg = Release|Any CPU
		{14FB6077-8F5C-4487-B8E3-400DBE9E004F}.Release|x86.Build.0 = Release|Any CPU
	EndGlobalSection
	GlobalSection(SolutionProperties) = preSolution
		HideSolutionNode = FALSE
	EndGlobalSection
	GlobalSection(NestedProjects) = preSolution
		{71612166-740D-4489-86E6-0B1BD6487462} = {CEAFE05D-9079-44A2-80E0-9D9C1CAD8B85}
		{A6D5C98C-60B9-424A-8BFF-775C354B9FCC} = {CEAFE05D-9079-44A2-80E0-9D9C1CAD8B85}
		{DC5D5B1E-0B1A-4921-B2BE-DBBA9A25D361} = {A6D5C98C-60B9-424A-8BFF-775C354B9FCC}
		{1BBCEFE6-1F67-4BBB-BDE7-E752AD8B023C} = {CEAFE05D-9079-44A2-80E0-9D9C1CAD8B85}
		{919FC51B-82F1-41C5-982E-C2F082371046} = {1BBCEFE6-1F67-4BBB-BDE7-E752AD8B023C}
		{9D2ABE7E-EA38-4B47-8CEF-653840BB4D65} = {919FC51B-82F1-41C5-982E-C2F082371046}
		{6FD38D20-D8DF-43BE-B6DA-369E3D4B44C8} = {DC5D5B1E-0B1A-4921-B2BE-DBBA9A25D361}
		{5499ED4E-A7D6-4519-AA50-BA03A22D2284} = {DC5D5B1E-0B1A-4921-B2BE-DBBA9A25D361}
		{14FB6077-8F5C-4487-B8E3-400DBE9E004F} = {71612166-740D-4489-86E6-0B1BD6487462}
	EndGlobalSection
	GlobalSection(ExtensibilityGlobals) = postSolution
		SolutionGuid = {6F3FC446-CADE-4812-8487-19861157EA49}
	EndGlobalSection
EndGlobal
