Microsoft Visual Studio Solution File, Format Version 12.00
# Visual Studio 15
VisualStudioVersion = 15.0.27411.0
MinimumVisualStudioVersion = 10.0.40219.1
Project("{2150E333-8FDC-42A3-9474-1A3956D46DE8}") = "src", "src", "{CEAFE05D-9079-44A2-80E0-9D9C1CAD8B85}"
EndProject
Project("{2150E333-8FDC-42A3-9474-1A3956D46DE8}") = "Tools", "Tools", "{71612166-740D-4489-86E6-0B1BD6487462}"
EndProject
Project("{2150E333-8FDC-42A3-9474-1A3956D46DE8}") = "Setup", "Setup", "{A6D5C98C-60B9-424A-8BFF-775C354B9FCC}"
EndProject
Project("{2150E333-8FDC-42A3-9474-1A3956D46DE8}") = "Editorconfig", "Editorconfig", "{DC5D5B1E-0B1A-4921-B2BE-DBBA9A25D361}"
EndProject
Project("{2150E333-8FDC-42A3-9474-1A3956D46DE8}") = "GetStarted", "GetStarted", "{64109EC5-F83E-423E-A505-629169FBD895}"
EndProject
Project("{2150E333-8FDC-42A3-9474-1A3956D46DE8}") = "Templates", "Templates", "{1BBCEFE6-1F67-4BBB-BDE7-E752AD8B023C}"
EndProject
Project("{2150E333-8FDC-42A3-9474-1A3956D46DE8}") = "Editorconfig", "Editorconfig", "{919FC51B-82F1-41C5-982E-C2F082371046}"
EndProject
Project("{9A19103F-16F7-4668-BE54-9A1E7A4F7556}") = "Microsoft.VisualStudio.Templates.Editorconfig", "src\Templates\Editorconfig\Microsoft.VisualStudio.Templates.Editorconfig\Microsoft.VisualStudio.Templates.Editorconfig.csproj", "{9D2ABE7E-EA38-4B47-8CEF-653840BB4D65}"
EndProject
Project("{2150E333-8FDC-42A3-9474-1A3956D46DE8}") = "GetStarted", "GetStarted", "{2E201165-DB41-485B-B11E-1C1DF256B2B8}"
EndProject
Project("{FAE04EC0-301F-11D3-BF4B-00C04F79EFBC}") = "Microsoft.VisualStudio.Templates.Editorconfig.Setup", "src\Setup\Editorconfig\Microsoft.VisualStudio.Templates.Editorconfig.Setup\Microsoft.VisualStudio.Templates.Editorconfig.Setup.csproj", "{6FD38D20-D8DF-43BE-B6DA-369E3D4B44C8}"
EndProject
Project("{9A19103F-16F7-4668-BE54-9A1E7A4F7556}") = "Microsoft.VisualStudio.Templates.Editorconfig.Wizard.Setup", "src\Setup\Editorconfig\Microsoft.VisualStudio.Templates.Editorconfig.Wizard.Setup\Microsoft.VisualStudio.Templates.Editorconfig.Wizard.Setup.csproj", "{5499ED4E-A7D6-4519-AA50-BA03A22D2284}"
EndProject
Project("{FAE04EC0-301F-11D3-BF4B-00C04F79EFBC}") = "Microsoft.VisualStudio.Templates.GetStarted.Common.Setup", "src\Setup\GetStarted\Microsoft.VisualStudio.Templates.GetStarted.Common.Setup\Microsoft.VisualStudio.Templates.GetStarted.Common.Setup.csproj", "{F2CE66E8-6DD1-41A2-AC2A-65C282DDF9BF}"
EndProject
Project("{FAE04EC0-301F-11D3-BF4B-00C04F79EFBC}") = "Microsoft.VisualStudio.Templates.GetStarted.Console.Setup", "src\Setup\GetStarted\Microsoft.VisualStudio.Templates.GetStarted.Console.Setup\Microsoft.VisualStudio.Templates.GetStarted.Console.Setup.csproj", "{0856065E-6A26-4B5A-9F19-ABE0F3A602E0}"
EndProject
Project("{FAE04EC0-301F-11D3-BF4B-00C04F79EFBC}") = "Microsoft.VisualStudio.Templates.GetStarted.Desktop.Setup", "src\Setup\GetStarted\Microsoft.VisualStudio.Templates.GetStarted.Desktop.Setup\Microsoft.VisualStudio.Templates.GetStarted.Desktop.Setup.csproj", "{4AED4CC7-AE1A-4C80-B804-E930DBA104E9}"
EndProject
Project("{FAE04EC0-301F-11D3-BF4B-00C04F79EFBC}") = "Microsoft.VisualStudio.Templates.GetStarted.Mobile.Setup", "src\Setup\GetStarted\Microsoft.VisualStudio.Templates.GetStarted.Mobile.Setup\Microsoft.VisualStudio.Templates.GetStarted.Mobile.Setup.csproj", "{435C19F4-D915-4BE0-B13E-96EF24A4EF6B}"
EndProject
Project("{9A19103F-16F7-4668-BE54-9A1E7A4F7556}") = "Microsoft.VisualStudio.Templates.GetStarted.Mobile.Wizard.Setup", "src\Setup\GetStarted\Microsoft.VisualStudio.Templates.GetStarted.Mobile.Wizard.Setup\Microsoft.VisualStudio.Templates.GetStarted.Mobile.Wizard.Setup.csproj", "{5060B15A-54E1-46D6-85C7-60B792467F48}"
EndProject
Project("{FAE04EC0-301F-11D3-BF4B-00C04F79EFBC}") = "Microsoft.VisualStudio.Templates.GetStarted.Web.Setup", "src\Setup\GetStarted\Microsoft.VisualStudio.Templates.GetStarted.Web.Setup\Microsoft.VisualStudio.Templates.GetStarted.Web.Setup.csproj", "{01418AEA-86BA-4A39-B718-00CB705D11A4}"
EndProject
Project("{9A19103F-16F7-4668-BE54-9A1E7A4F7556}") = "Microsoft.VisualStudio.Templates.GetStarted.Console", "src\Templates\GetStarted\Microsoft.VisualStudio.Templates.GetStarted.Console\Microsoft.VisualStudio.Templates.GetStarted.Console.csproj", "{947EDEF7-77AE-4C1E-9E89-69A7F2DEA89B}"
EndProject
Project("{9A19103F-16F7-4668-BE54-9A1E7A4F7556}") = "Microsoft.VisualStudio.Templates.GetStarted.Desktop", "src\Templates\GetStarted\Microsoft.VisualStudio.Templates.GetStarted.Desktop\Microsoft.VisualStudio.Templates.GetStarted.Desktop.csproj", "{B59D1CE3-C325-48ED-8263-4538CBCB053A}"
EndProject
Project("{9A19103F-16F7-4668-BE54-9A1E7A4F7556}") = "Microsoft.VisualStudio.Templates.GetStarted.Mobile", "src\Templates\GetStarted\Microsoft.VisualStudio.Templates.GetStarted.Mobile\Microsoft.VisualStudio.Templates.GetStarted.Mobile.csproj", "{F0F662C6-9202-4094-8A8B-393435B15ABA}"
EndProject
Project("{9A19103F-16F7-4668-BE54-9A1E7A4F7556}") = "Microsoft.VisualStudio.Templates.GetStarted.Resources", "src\Templates\GetStarted\Microsoft.VisualStudio.Templates.GetStarted.Resources\Microsoft.VisualStudio.Templates.GetStarted.Resources.csproj", "{9D501DC2-6296-4A49-800C-FDFE7EA2F347}"
EndProject
Project("{9A19103F-16F7-4668-BE54-9A1E7A4F7556}") = "Microsoft.VisualStudio.Templates.GetStarted.Web", "src\Templates\GetStarted\Microsoft.VisualStudio.Templates.GetStarted.Web\Microsoft.VisualStudio.Templates.GetStarted.Web.csproj", "{FC42213C-70BF-4074-B522-21B4C51374AE}"
EndProject
Project("{9A19103F-16F7-4668-BE54-9A1E7A4F7556}") = "Microsoft.VisualStudio.Templates.GetStarted.Mobile.Wizard", "src\Tools\Microsoft.VisualStudio.Templates.GetStarted.Mobile.Wizard\Microsoft.VisualStudio.Templates.GetStarted.Mobile.Wizard.csproj", "{472B58E0-B280-4A4B-AB48-B3E33D8F289A}"
EndProject
Project("{9A19103F-16F7-4668-BE54-9A1E7A4F7556}") = "Microsoft.VisualStudio.Templates.Editorconfig.Wizard", "src\Tools\Microsoft.VisualStudio.Templates.Editorconfig.Wizard\Microsoft.VisualStudio.Templates.Editorconfig.Wizard.csproj", "{14FB6077-8F5C-4487-B8E3-400DBE9E004F}"
EndProject
Project("{2150E333-8FDC-42A3-9474-1A3956D46DE8}") = "DotnetCore", "DotnetCore", "{F467574B-E713-46CB-9C54-D70C42DD29C9}"
EndProject
Project("{FAE04EC0-301F-11D3-BF4B-00C04F79EFBC}") = "Microsoft.NetCore.CSharp.ProjectTemplates", "src\Templates\DotnetCore\Microsoft.NetCore.CSharp.ProjectTemplates\Microsoft.NetCore.CSharp.ProjectTemplates.csproj", "{20AC23B1-6B12-4A23-9EC6-23ED108D773A}"
EndProject
Project("{FAE04EC0-301F-11D3-BF4B-00C04F79EFBC}") = "Microsoft.NetCore.CSharp.ProjectTemplates.Test", "src\Templates\DotnetCore\Microsoft.NetCore.CSharp.ProjectTemplates.Test\Microsoft.NetCore.CSharp.ProjectTemplates.Test.csproj", "{CD001E88-19AD-41FC-87D4-5DBC08C4F9F7}"
EndProject
Project("{FAE04EC0-301F-11D3-BF4B-00C04F79EFBC}") = "Microsoft.NetCore.FSharp.ProjectTemplates", "src\Templates\DotnetCore\Microsoft.NetCore.FSharp.ProjectTemplates\Microsoft.NetCore.FSharp.ProjectTemplates.csproj", "{3A11BEF5-3BB3-4F73-908C-32A23E0595BF}"
EndProject
Project("{FAE04EC0-301F-11D3-BF4B-00C04F79EFBC}") = "Microsoft.NetCore.FSharp.ProjectTemplates.Test", "src\Templates\DotnetCore\Microsoft.NetCore.FSharp.ProjectTemplates.Test\Microsoft.NetCore.FSharp.ProjectTemplates.Test.csproj", "{D012A5A9-52BC-4F91-BD17-B16160870E43}"
EndProject
Project("{FAE04EC0-301F-11D3-BF4B-00C04F79EFBC}") = "Microsoft.NetCore.FSharp.ProjectTemplates.Web", "src\Templates\DotnetCore\Microsoft.NetCore.FSharp.ProjectTemplates.Web\Microsoft.NetCore.FSharp.ProjectTemplates.Web.csproj", "{515466BF-6E88-4723-8337-5123C07B0906}"
EndProject
Project("{FAE04EC0-301F-11D3-BF4B-00C04F79EFBC}") = "Microsoft.NetCore.VB.ProjectTemplates", "src\Templates\DotnetCore\Microsoft.NetCore.VB.ProjectTemplates\Microsoft.NetCore.VB.ProjectTemplates.csproj", "{20C62751-D7EE-4830-B4C4-87A5B424B118}"
EndProject
Project("{FAE04EC0-301F-11D3-BF4B-00C04F79EFBC}") = "Microsoft.NetCore.VB.ProjectTemplates.Test", "src\Templates\DotnetCore\Microsoft.NetCore.VB.ProjectTemplates.Test\Microsoft.NetCore.VB.ProjectTemplates.Test.csproj", "{B2D9770C-4A71-4DC1-A64A-B80A9A3AA0FD}"
EndProject
Project("{FAE04EC0-301F-11D3-BF4B-00C04F79EFBC}") = "Microsoft.NetStandard.CSharp.ProjectTemplates", "src\Templates\DotnetCore\Microsoft.NetStandard.CSharp.ProjectTemplates\Microsoft.NetStandard.CSharp.ProjectTemplates.csproj", "{2603783E-A95D-4568-A9F5-3F68BF9A6F7E}"
EndProject
Project("{FAE04EC0-301F-11D3-BF4B-00C04F79EFBC}") = "Microsoft.NetStandard.FSharp.ProjectTemplates", "src\Templates\DotnetCore\Microsoft.NetStandard.FSharp.ProjectTemplates\Microsoft.NetStandard.FSharp.ProjectTemplates.csproj", "{4AC5680D-13D3-47D0-86F0-50465D14AE30}"
EndProject
Project("{FAE04EC0-301F-11D3-BF4B-00C04F79EFBC}") = "Microsoft.NetStandard.VB.ProjectTemplates", "src\Templates\DotnetCore\Microsoft.NetStandard.VB.ProjectTemplates\Microsoft.NetStandard.VB.ProjectTemplates.csproj", "{0763236F-9838-4E0D-B493-DD8E34FD76B6}"
EndProject
Project("{2150E333-8FDC-42A3-9474-1A3956D46DE8}") = "DotnetCore", "DotnetCore", "{85CAE3E7-7B7F-4DE3-8ED9-FB1553F2370C}"
EndProject
Project("{FAE04EC0-301F-11D3-BF4B-00C04F79EFBC}") = "Microsoft.VisualStudio.NetCore.ProjectTemplates.1.x", "src\Setup\DotnetCore\Microsoft.VisualStudio.NetCore.ProjectTemplates.1.x\Microsoft.VisualStudio.NetCore.ProjectTemplates.1.x.csproj", "{7DD992CF-500A-40E0-9E40-8A83930C76C0}"
EndProject
Project("{2150E333-8FDC-42A3-9474-1A3956D46DE8}") = "MLDotNet", "MLDotNet", "{BD820CB5-60A1-4C7D-8038-6324DF012FCE}"
EndProject
Project("{9A19103F-16F7-4668-BE54-9A1E7A4F7556}") = "Microsoft.VisualStudio.Templates.MLDotNet", "src\Templates\MLDotNet\Microsoft.VisualStudio.Templates.MLDotNet\Microsoft.VisualStudio.Templates.MLDotNet.csproj", "{BB1DA312-CEC5-495F-BA88-0AA65FA9B480}"
EndProject
Global
	GlobalSection(SolutionConfigurationPlatforms) = preSolution
		Debug|Any CPU = Debug|Any CPU
		Debug|x64 = Debug|x64
		Debug|x86 = Debug|x86
		Release|Any CPU = Release|Any CPU
		Release|x64 = Release|x64
		Release|x86 = Release|x86
	EndGlobalSection
	GlobalSection(ProjectConfigurationPlatforms) = postSolution
		{9D2ABE7E-EA38-4B47-8CEF-653840BB4D65}.Debug|Any CPU.ActiveCfg = Debug|Any CPU
		{9D2ABE7E-EA38-4B47-8CEF-653840BB4D65}.Debug|Any CPU.Build.0 = Debug|Any CPU
		{9D2ABE7E-EA38-4B47-8CEF-653840BB4D65}.Debug|x64.ActiveCfg = Debug|Any CPU
		{9D2ABE7E-EA38-4B47-8CEF-653840BB4D65}.Debug|x64.Build.0 = Debug|Any CPU
		{9D2ABE7E-EA38-4B47-8CEF-653840BB4D65}.Debug|x86.ActiveCfg = Debug|Any CPU
		{9D2ABE7E-EA38-4B47-8CEF-653840BB4D65}.Debug|x86.Build.0 = Debug|Any CPU
		{9D2ABE7E-EA38-4B47-8CEF-653840BB4D65}.Release|Any CPU.ActiveCfg = Release|Any CPU
		{9D2ABE7E-EA38-4B47-8CEF-653840BB4D65}.Release|Any CPU.Build.0 = Release|Any CPU
		{9D2ABE7E-EA38-4B47-8CEF-653840BB4D65}.Release|x64.ActiveCfg = Release|Any CPU
		{9D2ABE7E-EA38-4B47-8CEF-653840BB4D65}.Release|x64.Build.0 = Release|Any CPU
		{9D2ABE7E-EA38-4B47-8CEF-653840BB4D65}.Release|x86.ActiveCfg = Release|Any CPU
		{9D2ABE7E-EA38-4B47-8CEF-653840BB4D65}.Release|x86.Build.0 = Release|Any CPU
		{6FD38D20-D8DF-43BE-B6DA-369E3D4B44C8}.Debug|Any CPU.ActiveCfg = Debug|Any CPU
		{6FD38D20-D8DF-43BE-B6DA-369E3D4B44C8}.Debug|Any CPU.Build.0 = Debug|Any CPU
		{6FD38D20-D8DF-43BE-B6DA-369E3D4B44C8}.Debug|x64.ActiveCfg = Debug|x64
		{6FD38D20-D8DF-43BE-B6DA-369E3D4B44C8}.Debug|x64.Build.0 = Debug|x64
		{6FD38D20-D8DF-43BE-B6DA-369E3D4B44C8}.Debug|x86.ActiveCfg = Debug|x86
		{6FD38D20-D8DF-43BE-B6DA-369E3D4B44C8}.Debug|x86.Build.0 = Debug|x86
		{6FD38D20-D8DF-43BE-B6DA-369E3D4B44C8}.Release|Any CPU.ActiveCfg = Release|Any CPU
		{6FD38D20-D8DF-43BE-B6DA-369E3D4B44C8}.Release|Any CPU.Build.0 = Release|Any CPU
		{6FD38D20-D8DF-43BE-B6DA-369E3D4B44C8}.Release|x64.ActiveCfg = Release|x64
		{6FD38D20-D8DF-43BE-B6DA-369E3D4B44C8}.Release|x64.Build.0 = Release|x64
		{6FD38D20-D8DF-43BE-B6DA-369E3D4B44C8}.Release|x86.ActiveCfg = Release|x86
		{6FD38D20-D8DF-43BE-B6DA-369E3D4B44C8}.Release|x86.Build.0 = Release|x86
		{5499ED4E-A7D6-4519-AA50-BA03A22D2284}.Debug|Any CPU.ActiveCfg = Debug|Any CPU
		{5499ED4E-A7D6-4519-AA50-BA03A22D2284}.Debug|Any CPU.Build.0 = Debug|Any CPU
		{5499ED4E-A7D6-4519-AA50-BA03A22D2284}.Debug|x64.ActiveCfg = Debug|Any CPU
		{5499ED4E-A7D6-4519-AA50-BA03A22D2284}.Debug|x64.Build.0 = Debug|Any CPU
		{5499ED4E-A7D6-4519-AA50-BA03A22D2284}.Debug|x86.ActiveCfg = Debug|Any CPU
		{5499ED4E-A7D6-4519-AA50-BA03A22D2284}.Debug|x86.Build.0 = Debug|Any CPU
		{5499ED4E-A7D6-4519-AA50-BA03A22D2284}.Release|Any CPU.ActiveCfg = Release|Any CPU
		{5499ED4E-A7D6-4519-AA50-BA03A22D2284}.Release|Any CPU.Build.0 = Release|Any CPU
		{5499ED4E-A7D6-4519-AA50-BA03A22D2284}.Release|x64.ActiveCfg = Release|Any CPU
		{5499ED4E-A7D6-4519-AA50-BA03A22D2284}.Release|x64.Build.0 = Release|Any CPU
		{5499ED4E-A7D6-4519-AA50-BA03A22D2284}.Release|x86.ActiveCfg = Release|Any CPU
		{5499ED4E-A7D6-4519-AA50-BA03A22D2284}.Release|x86.Build.0 = Release|Any CPU
		{F2CE66E8-6DD1-41A2-AC2A-65C282DDF9BF}.Debug|Any CPU.ActiveCfg = Debug|Any CPU
		{F2CE66E8-6DD1-41A2-AC2A-65C282DDF9BF}.Debug|Any CPU.Build.0 = Debug|Any CPU
		{F2CE66E8-6DD1-41A2-AC2A-65C282DDF9BF}.Debug|x64.ActiveCfg = Debug|x64
		{F2CE66E8-6DD1-41A2-AC2A-65C282DDF9BF}.Debug|x64.Build.0 = Debug|x64
		{F2CE66E8-6DD1-41A2-AC2A-65C282DDF9BF}.Debug|x86.ActiveCfg = Debug|x86
		{F2CE66E8-6DD1-41A2-AC2A-65C282DDF9BF}.Debug|x86.Build.0 = Debug|x86
		{F2CE66E8-6DD1-41A2-AC2A-65C282DDF9BF}.Release|Any CPU.ActiveCfg = Release|Any CPU
		{F2CE66E8-6DD1-41A2-AC2A-65C282DDF9BF}.Release|Any CPU.Build.0 = Release|Any CPU
		{F2CE66E8-6DD1-41A2-AC2A-65C282DDF9BF}.Release|x64.ActiveCfg = Release|x64
		{F2CE66E8-6DD1-41A2-AC2A-65C282DDF9BF}.Release|x64.Build.0 = Release|x64
		{F2CE66E8-6DD1-41A2-AC2A-65C282DDF9BF}.Release|x86.ActiveCfg = Release|x86
		{F2CE66E8-6DD1-41A2-AC2A-65C282DDF9BF}.Release|x86.Build.0 = Release|x86
		{0856065E-6A26-4B5A-9F19-ABE0F3A602E0}.Debug|Any CPU.ActiveCfg = Debug|Any CPU
		{0856065E-6A26-4B5A-9F19-ABE0F3A602E0}.Debug|Any CPU.Build.0 = Debug|Any CPU
		{0856065E-6A26-4B5A-9F19-ABE0F3A602E0}.Debug|x64.ActiveCfg = Debug|x64
		{0856065E-6A26-4B5A-9F19-ABE0F3A602E0}.Debug|x64.Build.0 = Debug|x64
		{0856065E-6A26-4B5A-9F19-ABE0F3A602E0}.Debug|x86.ActiveCfg = Debug|x86
		{0856065E-6A26-4B5A-9F19-ABE0F3A602E0}.Debug|x86.Build.0 = Debug|x86
		{0856065E-6A26-4B5A-9F19-ABE0F3A602E0}.Release|Any CPU.ActiveCfg = Release|Any CPU
		{0856065E-6A26-4B5A-9F19-ABE0F3A602E0}.Release|Any CPU.Build.0 = Release|Any CPU
		{0856065E-6A26-4B5A-9F19-ABE0F3A602E0}.Release|x64.ActiveCfg = Release|x64
		{0856065E-6A26-4B5A-9F19-ABE0F3A602E0}.Release|x64.Build.0 = Release|x64
		{0856065E-6A26-4B5A-9F19-ABE0F3A602E0}.Release|x86.ActiveCfg = Release|x86
		{0856065E-6A26-4B5A-9F19-ABE0F3A602E0}.Release|x86.Build.0 = Release|x86
		{4AED4CC7-AE1A-4C80-B804-E930DBA104E9}.Debug|Any CPU.ActiveCfg = Debug|Any CPU
		{4AED4CC7-AE1A-4C80-B804-E930DBA104E9}.Debug|Any CPU.Build.0 = Debug|Any CPU
		{4AED4CC7-AE1A-4C80-B804-E930DBA104E9}.Debug|x64.ActiveCfg = Debug|x64
		{4AED4CC7-AE1A-4C80-B804-E930DBA104E9}.Debug|x64.Build.0 = Debug|x64
		{4AED4CC7-AE1A-4C80-B804-E930DBA104E9}.Debug|x86.ActiveCfg = Debug|x86
		{4AED4CC7-AE1A-4C80-B804-E930DBA104E9}.Debug|x86.Build.0 = Debug|x86
		{4AED4CC7-AE1A-4C80-B804-E930DBA104E9}.Release|Any CPU.ActiveCfg = Release|Any CPU
		{4AED4CC7-AE1A-4C80-B804-E930DBA104E9}.Release|Any CPU.Build.0 = Release|Any CPU
		{4AED4CC7-AE1A-4C80-B804-E930DBA104E9}.Release|x64.ActiveCfg = Release|x64
		{4AED4CC7-AE1A-4C80-B804-E930DBA104E9}.Release|x64.Build.0 = Release|x64
		{4AED4CC7-AE1A-4C80-B804-E930DBA104E9}.Release|x86.ActiveCfg = Release|x86
		{4AED4CC7-AE1A-4C80-B804-E930DBA104E9}.Release|x86.Build.0 = Release|x86
		{435C19F4-D915-4BE0-B13E-96EF24A4EF6B}.Debug|Any CPU.ActiveCfg = Debug|Any CPU
		{435C19F4-D915-4BE0-B13E-96EF24A4EF6B}.Debug|Any CPU.Build.0 = Debug|Any CPU
		{435C19F4-D915-4BE0-B13E-96EF24A4EF6B}.Debug|x64.ActiveCfg = Debug|x64
		{435C19F4-D915-4BE0-B13E-96EF24A4EF6B}.Debug|x64.Build.0 = Debug|x64
		{435C19F4-D915-4BE0-B13E-96EF24A4EF6B}.Debug|x86.ActiveCfg = Debug|x86
		{435C19F4-D915-4BE0-B13E-96EF24A4EF6B}.Debug|x86.Build.0 = Debug|x86
		{435C19F4-D915-4BE0-B13E-96EF24A4EF6B}.Release|Any CPU.ActiveCfg = Release|Any CPU
		{435C19F4-D915-4BE0-B13E-96EF24A4EF6B}.Release|Any CPU.Build.0 = Release|Any CPU
		{435C19F4-D915-4BE0-B13E-96EF24A4EF6B}.Release|x64.ActiveCfg = Release|x64
		{435C19F4-D915-4BE0-B13E-96EF24A4EF6B}.Release|x64.Build.0 = Release|x64
		{435C19F4-D915-4BE0-B13E-96EF24A4EF6B}.Release|x86.ActiveCfg = Release|x86
		{435C19F4-D915-4BE0-B13E-96EF24A4EF6B}.Release|x86.Build.0 = Release|x86
		{5060B15A-54E1-46D6-85C7-60B792467F48}.Debug|Any CPU.ActiveCfg = Debug|Any CPU
		{5060B15A-54E1-46D6-85C7-60B792467F48}.Debug|Any CPU.Build.0 = Debug|Any CPU
		{5060B15A-54E1-46D6-85C7-60B792467F48}.Debug|x64.ActiveCfg = Debug|Any CPU
		{5060B15A-54E1-46D6-85C7-60B792467F48}.Debug|x64.Build.0 = Debug|Any CPU
		{5060B15A-54E1-46D6-85C7-60B792467F48}.Debug|x86.ActiveCfg = Debug|Any CPU
		{5060B15A-54E1-46D6-85C7-60B792467F48}.Debug|x86.Build.0 = Debug|Any CPU
		{5060B15A-54E1-46D6-85C7-60B792467F48}.Release|Any CPU.ActiveCfg = Release|Any CPU
		{5060B15A-54E1-46D6-85C7-60B792467F48}.Release|Any CPU.Build.0 = Release|Any CPU
		{5060B15A-54E1-46D6-85C7-60B792467F48}.Release|x64.ActiveCfg = Release|Any CPU
		{5060B15A-54E1-46D6-85C7-60B792467F48}.Release|x64.Build.0 = Release|Any CPU
		{5060B15A-54E1-46D6-85C7-60B792467F48}.Release|x86.ActiveCfg = Release|Any CPU
		{5060B15A-54E1-46D6-85C7-60B792467F48}.Release|x86.Build.0 = Release|Any CPU
		{01418AEA-86BA-4A39-B718-00CB705D11A4}.Debug|Any CPU.ActiveCfg = Debug|Any CPU
		{01418AEA-86BA-4A39-B718-00CB705D11A4}.Debug|Any CPU.Build.0 = Debug|Any CPU
		{01418AEA-86BA-4A39-B718-00CB705D11A4}.Debug|x64.ActiveCfg = Debug|x64
		{01418AEA-86BA-4A39-B718-00CB705D11A4}.Debug|x64.Build.0 = Debug|x64
		{01418AEA-86BA-4A39-B718-00CB705D11A4}.Debug|x86.ActiveCfg = Debug|x86
		{01418AEA-86BA-4A39-B718-00CB705D11A4}.Debug|x86.Build.0 = Debug|x86
		{01418AEA-86BA-4A39-B718-00CB705D11A4}.Release|Any CPU.ActiveCfg = Release|Any CPU
		{01418AEA-86BA-4A39-B718-00CB705D11A4}.Release|Any CPU.Build.0 = Release|Any CPU
		{01418AEA-86BA-4A39-B718-00CB705D11A4}.Release|x64.ActiveCfg = Release|x64
		{01418AEA-86BA-4A39-B718-00CB705D11A4}.Release|x64.Build.0 = Release|x64
		{01418AEA-86BA-4A39-B718-00CB705D11A4}.Release|x86.ActiveCfg = Release|x86
		{01418AEA-86BA-4A39-B718-00CB705D11A4}.Release|x86.Build.0 = Release|x86
		{947EDEF7-77AE-4C1E-9E89-69A7F2DEA89B}.Debug|Any CPU.ActiveCfg = Debug|Any CPU
		{947EDEF7-77AE-4C1E-9E89-69A7F2DEA89B}.Debug|Any CPU.Build.0 = Debug|Any CPU
		{947EDEF7-77AE-4C1E-9E89-69A7F2DEA89B}.Debug|x64.ActiveCfg = Debug|Any CPU
		{947EDEF7-77AE-4C1E-9E89-69A7F2DEA89B}.Debug|x64.Build.0 = Debug|Any CPU
		{947EDEF7-77AE-4C1E-9E89-69A7F2DEA89B}.Debug|x86.ActiveCfg = Debug|Any CPU
		{947EDEF7-77AE-4C1E-9E89-69A7F2DEA89B}.Debug|x86.Build.0 = Debug|Any CPU
		{947EDEF7-77AE-4C1E-9E89-69A7F2DEA89B}.Release|Any CPU.ActiveCfg = Release|Any CPU
		{947EDEF7-77AE-4C1E-9E89-69A7F2DEA89B}.Release|Any CPU.Build.0 = Release|Any CPU
		{947EDEF7-77AE-4C1E-9E89-69A7F2DEA89B}.Release|x64.ActiveCfg = Release|Any CPU
		{947EDEF7-77AE-4C1E-9E89-69A7F2DEA89B}.Release|x64.Build.0 = Release|Any CPU
		{947EDEF7-77AE-4C1E-9E89-69A7F2DEA89B}.Release|x86.ActiveCfg = Release|Any CPU
		{947EDEF7-77AE-4C1E-9E89-69A7F2DEA89B}.Release|x86.Build.0 = Release|Any CPU
		{B59D1CE3-C325-48ED-8263-4538CBCB053A}.Debug|Any CPU.ActiveCfg = Debug|Any CPU
		{B59D1CE3-C325-48ED-8263-4538CBCB053A}.Debug|Any CPU.Build.0 = Debug|Any CPU
		{B59D1CE3-C325-48ED-8263-4538CBCB053A}.Debug|x64.ActiveCfg = Debug|Any CPU
		{B59D1CE3-C325-48ED-8263-4538CBCB053A}.Debug|x64.Build.0 = Debug|Any CPU
		{B59D1CE3-C325-48ED-8263-4538CBCB053A}.Debug|x86.ActiveCfg = Debug|Any CPU
		{B59D1CE3-C325-48ED-8263-4538CBCB053A}.Debug|x86.Build.0 = Debug|Any CPU
		{B59D1CE3-C325-48ED-8263-4538CBCB053A}.Release|Any CPU.ActiveCfg = Release|Any CPU
		{B59D1CE3-C325-48ED-8263-4538CBCB053A}.Release|Any CPU.Build.0 = Release|Any CPU
		{B59D1CE3-C325-48ED-8263-4538CBCB053A}.Release|x64.ActiveCfg = Release|Any CPU
		{B59D1CE3-C325-48ED-8263-4538CBCB053A}.Release|x64.Build.0 = Release|Any CPU
		{B59D1CE3-C325-48ED-8263-4538CBCB053A}.Release|x86.ActiveCfg = Release|Any CPU
		{B59D1CE3-C325-48ED-8263-4538CBCB053A}.Release|x86.Build.0 = Release|Any CPU
		{F0F662C6-9202-4094-8A8B-393435B15ABA}.Debug|Any CPU.ActiveCfg = Debug|Any CPU
		{F0F662C6-9202-4094-8A8B-393435B15ABA}.Debug|Any CPU.Build.0 = Debug|Any CPU
		{F0F662C6-9202-4094-8A8B-393435B15ABA}.Debug|x64.ActiveCfg = Debug|Any CPU
		{F0F662C6-9202-4094-8A8B-393435B15ABA}.Debug|x64.Build.0 = Debug|Any CPU
		{F0F662C6-9202-4094-8A8B-393435B15ABA}.Debug|x86.ActiveCfg = Debug|Any CPU
		{F0F662C6-9202-4094-8A8B-393435B15ABA}.Debug|x86.Build.0 = Debug|Any CPU
		{F0F662C6-9202-4094-8A8B-393435B15ABA}.Release|Any CPU.ActiveCfg = Release|Any CPU
		{F0F662C6-9202-4094-8A8B-393435B15ABA}.Release|Any CPU.Build.0 = Release|Any CPU
		{F0F662C6-9202-4094-8A8B-393435B15ABA}.Release|x64.ActiveCfg = Release|Any CPU
		{F0F662C6-9202-4094-8A8B-393435B15ABA}.Release|x64.Build.0 = Release|Any CPU
		{F0F662C6-9202-4094-8A8B-393435B15ABA}.Release|x86.ActiveCfg = Release|Any CPU
		{F0F662C6-9202-4094-8A8B-393435B15ABA}.Release|x86.Build.0 = Release|Any CPU
		{9D501DC2-6296-4A49-800C-FDFE7EA2F347}.Debug|Any CPU.ActiveCfg = Debug|Any CPU
		{9D501DC2-6296-4A49-800C-FDFE7EA2F347}.Debug|Any CPU.Build.0 = Debug|Any CPU
		{9D501DC2-6296-4A49-800C-FDFE7EA2F347}.Debug|x64.ActiveCfg = Debug|Any CPU
		{9D501DC2-6296-4A49-800C-FDFE7EA2F347}.Debug|x64.Build.0 = Debug|Any CPU
		{9D501DC2-6296-4A49-800C-FDFE7EA2F347}.Debug|x86.ActiveCfg = Debug|Any CPU
		{9D501DC2-6296-4A49-800C-FDFE7EA2F347}.Debug|x86.Build.0 = Debug|Any CPU
		{9D501DC2-6296-4A49-800C-FDFE7EA2F347}.Release|Any CPU.ActiveCfg = Release|Any CPU
		{9D501DC2-6296-4A49-800C-FDFE7EA2F347}.Release|Any CPU.Build.0 = Release|Any CPU
		{9D501DC2-6296-4A49-800C-FDFE7EA2F347}.Release|x64.ActiveCfg = Release|Any CPU
		{9D501DC2-6296-4A49-800C-FDFE7EA2F347}.Release|x64.Build.0 = Release|Any CPU
		{9D501DC2-6296-4A49-800C-FDFE7EA2F347}.Release|x86.ActiveCfg = Release|Any CPU
		{9D501DC2-6296-4A49-800C-FDFE7EA2F347}.Release|x86.Build.0 = Release|Any CPU
		{FC42213C-70BF-4074-B522-21B4C51374AE}.Debug|Any CPU.ActiveCfg = Debug|Any CPU
		{FC42213C-70BF-4074-B522-21B4C51374AE}.Debug|Any CPU.Build.0 = Debug|Any CPU
		{FC42213C-70BF-4074-B522-21B4C51374AE}.Debug|x64.ActiveCfg = Debug|Any CPU
		{FC42213C-70BF-4074-B522-21B4C51374AE}.Debug|x64.Build.0 = Debug|Any CPU
		{FC42213C-70BF-4074-B522-21B4C51374AE}.Debug|x86.ActiveCfg = Debug|Any CPU
		{FC42213C-70BF-4074-B522-21B4C51374AE}.Debug|x86.Build.0 = Debug|Any CPU
		{FC42213C-70BF-4074-B522-21B4C51374AE}.Release|Any CPU.ActiveCfg = Release|Any CPU
		{FC42213C-70BF-4074-B522-21B4C51374AE}.Release|Any CPU.Build.0 = Release|Any CPU
		{FC42213C-70BF-4074-B522-21B4C51374AE}.Release|x64.ActiveCfg = Release|Any CPU
		{FC42213C-70BF-4074-B522-21B4C51374AE}.Release|x64.Build.0 = Release|Any CPU
		{FC42213C-70BF-4074-B522-21B4C51374AE}.Release|x86.ActiveCfg = Release|Any CPU
		{FC42213C-70BF-4074-B522-21B4C51374AE}.Release|x86.Build.0 = Release|Any CPU
		{472B58E0-B280-4A4B-AB48-B3E33D8F289A}.Debug|Any CPU.ActiveCfg = Debug|Any CPU
		{472B58E0-B280-4A4B-AB48-B3E33D8F289A}.Debug|Any CPU.Build.0 = Debug|Any CPU
		{472B58E0-B280-4A4B-AB48-B3E33D8F289A}.Debug|x64.ActiveCfg = Debug|Any CPU
		{472B58E0-B280-4A4B-AB48-B3E33D8F289A}.Debug|x64.Build.0 = Debug|Any CPU
		{472B58E0-B280-4A4B-AB48-B3E33D8F289A}.Debug|x86.ActiveCfg = Debug|Any CPU
		{472B58E0-B280-4A4B-AB48-B3E33D8F289A}.Debug|x86.Build.0 = Debug|Any CPU
		{472B58E0-B280-4A4B-AB48-B3E33D8F289A}.Release|Any CPU.ActiveCfg = Release|Any CPU
		{472B58E0-B280-4A4B-AB48-B3E33D8F289A}.Release|Any CPU.Build.0 = Release|Any CPU
		{472B58E0-B280-4A4B-AB48-B3E33D8F289A}.Release|x64.ActiveCfg = Release|Any CPU
		{472B58E0-B280-4A4B-AB48-B3E33D8F289A}.Release|x64.Build.0 = Release|Any CPU
		{472B58E0-B280-4A4B-AB48-B3E33D8F289A}.Release|x86.ActiveCfg = Release|Any CPU
		{472B58E0-B280-4A4B-AB48-B3E33D8F289A}.Release|x86.Build.0 = Release|Any CPU
		{14FB6077-8F5C-4487-B8E3-400DBE9E004F}.Debug|Any CPU.ActiveCfg = Debug|Any CPU
		{14FB6077-8F5C-4487-B8E3-400DBE9E004F}.Debug|Any CPU.Build.0 = Debug|Any CPU
		{14FB6077-8F5C-4487-B8E3-400DBE9E004F}.Debug|x64.ActiveCfg = Debug|Any CPU
		{14FB6077-8F5C-4487-B8E3-400DBE9E004F}.Debug|x64.Build.0 = Debug|Any CPU
		{14FB6077-8F5C-4487-B8E3-400DBE9E004F}.Debug|x86.ActiveCfg = Debug|Any CPU
		{14FB6077-8F5C-4487-B8E3-400DBE9E004F}.Debug|x86.Build.0 = Debug|Any CPU
		{14FB6077-8F5C-4487-B8E3-400DBE9E004F}.Release|Any CPU.ActiveCfg = Release|Any CPU
		{14FB6077-8F5C-4487-B8E3-400DBE9E004F}.Release|Any CPU.Build.0 = Release|Any CPU
		{14FB6077-8F5C-4487-B8E3-400DBE9E004F}.Release|x64.ActiveCfg = Release|Any CPU
		{14FB6077-8F5C-4487-B8E3-400DBE9E004F}.Release|x64.Build.0 = Release|Any CPU
		{14FB6077-8F5C-4487-B8E3-400DBE9E004F}.Release|x86.ActiveCfg = Release|Any CPU
		{14FB6077-8F5C-4487-B8E3-400DBE9E004F}.Release|x86.Build.0 = Release|Any CPU
		{20AC23B1-6B12-4A23-9EC6-23ED108D773A}.Debug|Any CPU.ActiveCfg = Debug|Any CPU
		{20AC23B1-6B12-4A23-9EC6-23ED108D773A}.Debug|Any CPU.Build.0 = Debug|Any CPU
		{20AC23B1-6B12-4A23-9EC6-23ED108D773A}.Debug|x64.ActiveCfg = Debug|Any CPU
		{20AC23B1-6B12-4A23-9EC6-23ED108D773A}.Debug|x64.Build.0 = Debug|Any CPU
		{20AC23B1-6B12-4A23-9EC6-23ED108D773A}.Debug|x86.ActiveCfg = Debug|Any CPU
		{20AC23B1-6B12-4A23-9EC6-23ED108D773A}.Debug|x86.Build.0 = Debug|Any CPU
		{20AC23B1-6B12-4A23-9EC6-23ED108D773A}.Release|Any CPU.ActiveCfg = Release|Any CPU
		{20AC23B1-6B12-4A23-9EC6-23ED108D773A}.Release|Any CPU.Build.0 = Release|Any CPU
		{20AC23B1-6B12-4A23-9EC6-23ED108D773A}.Release|x64.ActiveCfg = Release|Any CPU
		{20AC23B1-6B12-4A23-9EC6-23ED108D773A}.Release|x64.Build.0 = Release|Any CPU
		{20AC23B1-6B12-4A23-9EC6-23ED108D773A}.Release|x86.ActiveCfg = Release|Any CPU
		{20AC23B1-6B12-4A23-9EC6-23ED108D773A}.Release|x86.Build.0 = Release|Any CPU
		{CD001E88-19AD-41FC-87D4-5DBC08C4F9F7}.Debug|Any CPU.ActiveCfg = Debug|Any CPU
		{CD001E88-19AD-41FC-87D4-5DBC08C4F9F7}.Debug|Any CPU.Build.0 = Debug|Any CPU
		{CD001E88-19AD-41FC-87D4-5DBC08C4F9F7}.Debug|x64.ActiveCfg = Debug|Any CPU
		{CD001E88-19AD-41FC-87D4-5DBC08C4F9F7}.Debug|x64.Build.0 = Debug|Any CPU
		{CD001E88-19AD-41FC-87D4-5DBC08C4F9F7}.Debug|x86.ActiveCfg = Debug|Any CPU
		{CD001E88-19AD-41FC-87D4-5DBC08C4F9F7}.Debug|x86.Build.0 = Debug|Any CPU
		{CD001E88-19AD-41FC-87D4-5DBC08C4F9F7}.Release|Any CPU.ActiveCfg = Release|Any CPU
		{CD001E88-19AD-41FC-87D4-5DBC08C4F9F7}.Release|Any CPU.Build.0 = Release|Any CPU
		{CD001E88-19AD-41FC-87D4-5DBC08C4F9F7}.Release|x64.ActiveCfg = Release|Any CPU
		{CD001E88-19AD-41FC-87D4-5DBC08C4F9F7}.Release|x64.Build.0 = Release|Any CPU
		{CD001E88-19AD-41FC-87D4-5DBC08C4F9F7}.Release|x86.ActiveCfg = Release|Any CPU
		{CD001E88-19AD-41FC-87D4-5DBC08C4F9F7}.Release|x86.Build.0 = Release|Any CPU
		{3A11BEF5-3BB3-4F73-908C-32A23E0595BF}.Debug|Any CPU.ActiveCfg = Debug|Any CPU
		{3A11BEF5-3BB3-4F73-908C-32A23E0595BF}.Debug|Any CPU.Build.0 = Debug|Any CPU
		{3A11BEF5-3BB3-4F73-908C-32A23E0595BF}.Debug|x64.ActiveCfg = Debug|Any CPU
		{3A11BEF5-3BB3-4F73-908C-32A23E0595BF}.Debug|x64.Build.0 = Debug|Any CPU
		{3A11BEF5-3BB3-4F73-908C-32A23E0595BF}.Debug|x86.ActiveCfg = Debug|Any CPU
		{3A11BEF5-3BB3-4F73-908C-32A23E0595BF}.Debug|x86.Build.0 = Debug|Any CPU
		{3A11BEF5-3BB3-4F73-908C-32A23E0595BF}.Release|Any CPU.ActiveCfg = Release|Any CPU
		{3A11BEF5-3BB3-4F73-908C-32A23E0595BF}.Release|Any CPU.Build.0 = Release|Any CPU
		{3A11BEF5-3BB3-4F73-908C-32A23E0595BF}.Release|x64.ActiveCfg = Release|Any CPU
		{3A11BEF5-3BB3-4F73-908C-32A23E0595BF}.Release|x64.Build.0 = Release|Any CPU
		{3A11BEF5-3BB3-4F73-908C-32A23E0595BF}.Release|x86.ActiveCfg = Release|Any CPU
		{3A11BEF5-3BB3-4F73-908C-32A23E0595BF}.Release|x86.Build.0 = Release|Any CPU
		{D012A5A9-52BC-4F91-BD17-B16160870E43}.Debug|Any CPU.ActiveCfg = Debug|Any CPU
		{D012A5A9-52BC-4F91-BD17-B16160870E43}.Debug|Any CPU.Build.0 = Debug|Any CPU
		{D012A5A9-52BC-4F91-BD17-B16160870E43}.Debug|x64.ActiveCfg = Debug|Any CPU
		{D012A5A9-52BC-4F91-BD17-B16160870E43}.Debug|x64.Build.0 = Debug|Any CPU
		{D012A5A9-52BC-4F91-BD17-B16160870E43}.Debug|x86.ActiveCfg = Debug|Any CPU
		{D012A5A9-52BC-4F91-BD17-B16160870E43}.Debug|x86.Build.0 = Debug|Any CPU
		{D012A5A9-52BC-4F91-BD17-B16160870E43}.Release|Any CPU.ActiveCfg = Release|Any CPU
		{D012A5A9-52BC-4F91-BD17-B16160870E43}.Release|Any CPU.Build.0 = Release|Any CPU
		{D012A5A9-52BC-4F91-BD17-B16160870E43}.Release|x64.ActiveCfg = Release|Any CPU
		{D012A5A9-52BC-4F91-BD17-B16160870E43}.Release|x64.Build.0 = Release|Any CPU
		{D012A5A9-52BC-4F91-BD17-B16160870E43}.Release|x86.ActiveCfg = Release|Any CPU
		{D012A5A9-52BC-4F91-BD17-B16160870E43}.Release|x86.Build.0 = Release|Any CPU
		{515466BF-6E88-4723-8337-5123C07B0906}.Debug|Any CPU.ActiveCfg = Debug|Any CPU
		{515466BF-6E88-4723-8337-5123C07B0906}.Debug|Any CPU.Build.0 = Debug|Any CPU
		{515466BF-6E88-4723-8337-5123C07B0906}.Debug|x64.ActiveCfg = Debug|Any CPU
		{515466BF-6E88-4723-8337-5123C07B0906}.Debug|x64.Build.0 = Debug|Any CPU
		{515466BF-6E88-4723-8337-5123C07B0906}.Debug|x86.ActiveCfg = Debug|Any CPU
		{515466BF-6E88-4723-8337-5123C07B0906}.Debug|x86.Build.0 = Debug|Any CPU
		{515466BF-6E88-4723-8337-5123C07B0906}.Release|Any CPU.ActiveCfg = Release|Any CPU
		{515466BF-6E88-4723-8337-5123C07B0906}.Release|Any CPU.Build.0 = Release|Any CPU
		{515466BF-6E88-4723-8337-5123C07B0906}.Release|x64.ActiveCfg = Release|Any CPU
		{515466BF-6E88-4723-8337-5123C07B0906}.Release|x64.Build.0 = Release|Any CPU
		{515466BF-6E88-4723-8337-5123C07B0906}.Release|x86.ActiveCfg = Release|Any CPU
		{515466BF-6E88-4723-8337-5123C07B0906}.Release|x86.Build.0 = Release|Any CPU
		{20C62751-D7EE-4830-B4C4-87A5B424B118}.Debug|Any CPU.ActiveCfg = Debug|Any CPU
		{20C62751-D7EE-4830-B4C4-87A5B424B118}.Debug|Any CPU.Build.0 = Debug|Any CPU
		{20C62751-D7EE-4830-B4C4-87A5B424B118}.Debug|x64.ActiveCfg = Debug|Any CPU
		{20C62751-D7EE-4830-B4C4-87A5B424B118}.Debug|x64.Build.0 = Debug|Any CPU
		{20C62751-D7EE-4830-B4C4-87A5B424B118}.Debug|x86.ActiveCfg = Debug|Any CPU
		{20C62751-D7EE-4830-B4C4-87A5B424B118}.Debug|x86.Build.0 = Debug|Any CPU
		{20C62751-D7EE-4830-B4C4-87A5B424B118}.Release|Any CPU.ActiveCfg = Release|Any CPU
		{20C62751-D7EE-4830-B4C4-87A5B424B118}.Release|Any CPU.Build.0 = Release|Any CPU
		{20C62751-D7EE-4830-B4C4-87A5B424B118}.Release|x64.ActiveCfg = Release|Any CPU
		{20C62751-D7EE-4830-B4C4-87A5B424B118}.Release|x64.Build.0 = Release|Any CPU
		{20C62751-D7EE-4830-B4C4-87A5B424B118}.Release|x86.ActiveCfg = Release|Any CPU
		{20C62751-D7EE-4830-B4C4-87A5B424B118}.Release|x86.Build.0 = Release|Any CPU
		{B2D9770C-4A71-4DC1-A64A-B80A9A3AA0FD}.Debug|Any CPU.ActiveCfg = Debug|Any CPU
		{B2D9770C-4A71-4DC1-A64A-B80A9A3AA0FD}.Debug|Any CPU.Build.0 = Debug|Any CPU
		{B2D9770C-4A71-4DC1-A64A-B80A9A3AA0FD}.Debug|x64.ActiveCfg = Debug|Any CPU
		{B2D9770C-4A71-4DC1-A64A-B80A9A3AA0FD}.Debug|x64.Build.0 = Debug|Any CPU
		{B2D9770C-4A71-4DC1-A64A-B80A9A3AA0FD}.Debug|x86.ActiveCfg = Debug|Any CPU
		{B2D9770C-4A71-4DC1-A64A-B80A9A3AA0FD}.Debug|x86.Build.0 = Debug|Any CPU
		{B2D9770C-4A71-4DC1-A64A-B80A9A3AA0FD}.Release|Any CPU.ActiveCfg = Release|Any CPU
		{B2D9770C-4A71-4DC1-A64A-B80A9A3AA0FD}.Release|Any CPU.Build.0 = Release|Any CPU
		{B2D9770C-4A71-4DC1-A64A-B80A9A3AA0FD}.Release|x64.ActiveCfg = Release|Any CPU
		{B2D9770C-4A71-4DC1-A64A-B80A9A3AA0FD}.Release|x64.Build.0 = Release|Any CPU
		{B2D9770C-4A71-4DC1-A64A-B80A9A3AA0FD}.Release|x86.ActiveCfg = Release|Any CPU
		{B2D9770C-4A71-4DC1-A64A-B80A9A3AA0FD}.Release|x86.Build.0 = Release|Any CPU
		{2603783E-A95D-4568-A9F5-3F68BF9A6F7E}.Debug|Any CPU.ActiveCfg = Debug|Any CPU
		{2603783E-A95D-4568-A9F5-3F68BF9A6F7E}.Debug|Any CPU.Build.0 = Debug|Any CPU
		{2603783E-A95D-4568-A9F5-3F68BF9A6F7E}.Debug|x64.ActiveCfg = Debug|Any CPU
		{2603783E-A95D-4568-A9F5-3F68BF9A6F7E}.Debug|x64.Build.0 = Debug|Any CPU
		{2603783E-A95D-4568-A9F5-3F68BF9A6F7E}.Debug|x86.ActiveCfg = Debug|Any CPU
		{2603783E-A95D-4568-A9F5-3F68BF9A6F7E}.Debug|x86.Build.0 = Debug|Any CPU
		{2603783E-A95D-4568-A9F5-3F68BF9A6F7E}.Release|Any CPU.ActiveCfg = Release|Any CPU
		{2603783E-A95D-4568-A9F5-3F68BF9A6F7E}.Release|Any CPU.Build.0 = Release|Any CPU
		{2603783E-A95D-4568-A9F5-3F68BF9A6F7E}.Release|x64.ActiveCfg = Release|Any CPU
		{2603783E-A95D-4568-A9F5-3F68BF9A6F7E}.Release|x64.Build.0 = Release|Any CPU
		{2603783E-A95D-4568-A9F5-3F68BF9A6F7E}.Release|x86.ActiveCfg = Release|Any CPU
		{2603783E-A95D-4568-A9F5-3F68BF9A6F7E}.Release|x86.Build.0 = Release|Any CPU
		{4AC5680D-13D3-47D0-86F0-50465D14AE30}.Debug|Any CPU.ActiveCfg = Debug|Any CPU
		{4AC5680D-13D3-47D0-86F0-50465D14AE30}.Debug|Any CPU.Build.0 = Debug|Any CPU
		{4AC5680D-13D3-47D0-86F0-50465D14AE30}.Debug|x64.ActiveCfg = Debug|Any CPU
		{4AC5680D-13D3-47D0-86F0-50465D14AE30}.Debug|x64.Build.0 = Debug|Any CPU
		{4AC5680D-13D3-47D0-86F0-50465D14AE30}.Debug|x86.ActiveCfg = Debug|Any CPU
		{4AC5680D-13D3-47D0-86F0-50465D14AE30}.Debug|x86.Build.0 = Debug|Any CPU
		{4AC5680D-13D3-47D0-86F0-50465D14AE30}.Release|Any CPU.ActiveCfg = Release|Any CPU
		{4AC5680D-13D3-47D0-86F0-50465D14AE30}.Release|Any CPU.Build.0 = Release|Any CPU
		{4AC5680D-13D3-47D0-86F0-50465D14AE30}.Release|x64.ActiveCfg = Release|Any CPU
		{4AC5680D-13D3-47D0-86F0-50465D14AE30}.Release|x64.Build.0 = Release|Any CPU
		{4AC5680D-13D3-47D0-86F0-50465D14AE30}.Release|x86.ActiveCfg = Release|Any CPU
		{4AC5680D-13D3-47D0-86F0-50465D14AE30}.Release|x86.Build.0 = Release|Any CPU
		{0763236F-9838-4E0D-B493-DD8E34FD76B6}.Debug|Any CPU.ActiveCfg = Debug|Any CPU
		{0763236F-9838-4E0D-B493-DD8E34FD76B6}.Debug|Any CPU.Build.0 = Debug|Any CPU
		{0763236F-9838-4E0D-B493-DD8E34FD76B6}.Debug|x64.ActiveCfg = Debug|Any CPU
		{0763236F-9838-4E0D-B493-DD8E34FD76B6}.Debug|x64.Build.0 = Debug|Any CPU
		{0763236F-9838-4E0D-B493-DD8E34FD76B6}.Debug|x86.ActiveCfg = Debug|Any CPU
		{0763236F-9838-4E0D-B493-DD8E34FD76B6}.Debug|x86.Build.0 = Debug|Any CPU
		{0763236F-9838-4E0D-B493-DD8E34FD76B6}.Release|Any CPU.ActiveCfg = Release|Any CPU
		{0763236F-9838-4E0D-B493-DD8E34FD76B6}.Release|Any CPU.Build.0 = Release|Any CPU
		{0763236F-9838-4E0D-B493-DD8E34FD76B6}.Release|x64.ActiveCfg = Release|Any CPU
		{0763236F-9838-4E0D-B493-DD8E34FD76B6}.Release|x64.Build.0 = Release|Any CPU
		{0763236F-9838-4E0D-B493-DD8E34FD76B6}.Release|x86.ActiveCfg = Release|Any CPU
		{0763236F-9838-4E0D-B493-DD8E34FD76B6}.Release|x86.Build.0 = Release|Any CPU
		{7DD992CF-500A-40E0-9E40-8A83930C76C0}.Debug|Any CPU.ActiveCfg = Debug|Any CPU
		{7DD992CF-500A-40E0-9E40-8A83930C76C0}.Debug|Any CPU.Build.0 = Debug|Any CPU
		{7DD992CF-500A-40E0-9E40-8A83930C76C0}.Debug|x64.ActiveCfg = Debug|Any CPU
		{7DD992CF-500A-40E0-9E40-8A83930C76C0}.Debug|x64.Build.0 = Debug|Any CPU
		{7DD992CF-500A-40E0-9E40-8A83930C76C0}.Debug|x86.ActiveCfg = Debug|Any CPU
		{7DD992CF-500A-40E0-9E40-8A83930C76C0}.Debug|x86.Build.0 = Debug|Any CPU
		{7DD992CF-500A-40E0-9E40-8A83930C76C0}.Release|Any CPU.ActiveCfg = Release|Any CPU
		{7DD992CF-500A-40E0-9E40-8A83930C76C0}.Release|Any CPU.Build.0 = Release|Any CPU
		{7DD992CF-500A-40E0-9E40-8A83930C76C0}.Release|x64.ActiveCfg = Release|Any CPU
		{7DD992CF-500A-40E0-9E40-8A83930C76C0}.Release|x64.Build.0 = Release|Any CPU
		{7DD992CF-500A-40E0-9E40-8A83930C76C0}.Release|x86.ActiveCfg = Release|Any CPU
		{7DD992CF-500A-40E0-9E40-8A83930C76C0}.Release|x86.Build.0 = Release|Any CPU
		{BB1DA312-CEC5-495F-BA88-0AA65FA9B480}.Debug|Any CPU.ActiveCfg = Debug|Any CPU
		{BB1DA312-CEC5-495F-BA88-0AA65FA9B480}.Debug|Any CPU.Build.0 = Debug|Any CPU
		{BB1DA312-CEC5-495F-BA88-0AA65FA9B480}.Debug|x64.ActiveCfg = Debug|Any CPU
		{BB1DA312-CEC5-495F-BA88-0AA65FA9B480}.Debug|x64.Build.0 = Debug|Any CPU
		{BB1DA312-CEC5-495F-BA88-0AA65FA9B480}.Debug|x86.ActiveCfg = Debug|Any CPU
		{BB1DA312-CEC5-495F-BA88-0AA65FA9B480}.Debug|x86.Build.0 = Debug|Any CPU
		{BB1DA312-CEC5-495F-BA88-0AA65FA9B480}.Release|Any CPU.ActiveCfg = Release|Any CPU
		{BB1DA312-CEC5-495F-BA88-0AA65FA9B480}.Release|Any CPU.Build.0 = Release|Any CPU
		{BB1DA312-CEC5-495F-BA88-0AA65FA9B480}.Release|x64.ActiveCfg = Release|Any CPU
		{BB1DA312-CEC5-495F-BA88-0AA65FA9B480}.Release|x64.Build.0 = Release|Any CPU
		{BB1DA312-CEC5-495F-BA88-0AA65FA9B480}.Release|x86.ActiveCfg = Release|Any CPU
		{BB1DA312-CEC5-495F-BA88-0AA65FA9B480}.Release|x86.Build.0 = Release|Any CPU
	EndGlobalSection
	GlobalSection(SolutionProperties) = preSolution
		HideSolutionNode = FALSE
	EndGlobalSection
	GlobalSection(NestedProjects) = preSolution
		{71612166-740D-4489-86E6-0B1BD6487462} = {CEAFE05D-9079-44A2-80E0-9D9C1CAD8B85}
		{A6D5C98C-60B9-424A-8BFF-775C354B9FCC} = {CEAFE05D-9079-44A2-80E0-9D9C1CAD8B85}
		{DC5D5B1E-0B1A-4921-B2BE-DBBA9A25D361} = {A6D5C98C-60B9-424A-8BFF-775C354B9FCC}
		{64109EC5-F83E-423E-A505-629169FBD895} = {A6D5C98C-60B9-424A-8BFF-775C354B9FCC}
		{1BBCEFE6-1F67-4BBB-BDE7-E752AD8B023C} = {CEAFE05D-9079-44A2-80E0-9D9C1CAD8B85}
		{919FC51B-82F1-41C5-982E-C2F082371046} = {1BBCEFE6-1F67-4BBB-BDE7-E752AD8B023C}
		{9D2ABE7E-EA38-4B47-8CEF-653840BB4D65} = {919FC51B-82F1-41C5-982E-C2F082371046}
		{2E201165-DB41-485B-B11E-1C1DF256B2B8} = {1BBCEFE6-1F67-4BBB-BDE7-E752AD8B023C}
		{6FD38D20-D8DF-43BE-B6DA-369E3D4B44C8} = {DC5D5B1E-0B1A-4921-B2BE-DBBA9A25D361}
		{5499ED4E-A7D6-4519-AA50-BA03A22D2284} = {DC5D5B1E-0B1A-4921-B2BE-DBBA9A25D361}
		{F2CE66E8-6DD1-41A2-AC2A-65C282DDF9BF} = {64109EC5-F83E-423E-A505-629169FBD895}
		{0856065E-6A26-4B5A-9F19-ABE0F3A602E0} = {64109EC5-F83E-423E-A505-629169FBD895}
		{4AED4CC7-AE1A-4C80-B804-E930DBA104E9} = {64109EC5-F83E-423E-A505-629169FBD895}
		{435C19F4-D915-4BE0-B13E-96EF24A4EF6B} = {64109EC5-F83E-423E-A505-629169FBD895}
		{5060B15A-54E1-46D6-85C7-60B792467F48} = {64109EC5-F83E-423E-A505-629169FBD895}
		{01418AEA-86BA-4A39-B718-00CB705D11A4} = {64109EC5-F83E-423E-A505-629169FBD895}
		{947EDEF7-77AE-4C1E-9E89-69A7F2DEA89B} = {2E201165-DB41-485B-B11E-1C1DF256B2B8}
		{B59D1CE3-C325-48ED-8263-4538CBCB053A} = {2E201165-DB41-485B-B11E-1C1DF256B2B8}
		{F0F662C6-9202-4094-8A8B-393435B15ABA} = {2E201165-DB41-485B-B11E-1C1DF256B2B8}
		{9D501DC2-6296-4A49-800C-FDFE7EA2F347} = {2E201165-DB41-485B-B11E-1C1DF256B2B8}
		{FC42213C-70BF-4074-B522-21B4C51374AE} = {2E201165-DB41-485B-B11E-1C1DF256B2B8}
		{472B58E0-B280-4A4B-AB48-B3E33D8F289A} = {71612166-740D-4489-86E6-0B1BD6487462}
		{14FB6077-8F5C-4487-B8E3-400DBE9E004F} = {71612166-740D-4489-86E6-0B1BD6487462}
		{F467574B-E713-46CB-9C54-D70C42DD29C9} = {1BBCEFE6-1F67-4BBB-BDE7-E752AD8B023C}
		{20AC23B1-6B12-4A23-9EC6-23ED108D773A} = {F467574B-E713-46CB-9C54-D70C42DD29C9}
		{CD001E88-19AD-41FC-87D4-5DBC08C4F9F7} = {F467574B-E713-46CB-9C54-D70C42DD29C9}
		{3A11BEF5-3BB3-4F73-908C-32A23E0595BF} = {F467574B-E713-46CB-9C54-D70C42DD29C9}
		{D012A5A9-52BC-4F91-BD17-B16160870E43} = {F467574B-E713-46CB-9C54-D70C42DD29C9}
		{515466BF-6E88-4723-8337-5123C07B0906} = {F467574B-E713-46CB-9C54-D70C42DD29C9}
		{20C62751-D7EE-4830-B4C4-87A5B424B118} = {F467574B-E713-46CB-9C54-D70C42DD29C9}
		{B2D9770C-4A71-4DC1-A64A-B80A9A3AA0FD} = {F467574B-E713-46CB-9C54-D70C42DD29C9}
		{2603783E-A95D-4568-A9F5-3F68BF9A6F7E} = {F467574B-E713-46CB-9C54-D70C42DD29C9}
		{4AC5680D-13D3-47D0-86F0-50465D14AE30} = {F467574B-E713-46CB-9C54-D70C42DD29C9}
		{0763236F-9838-4E0D-B493-DD8E34FD76B6} = {F467574B-E713-46CB-9C54-D70C42DD29C9}
		{85CAE3E7-7B7F-4DE3-8ED9-FB1553F2370C} = {A6D5C98C-60B9-424A-8BFF-775C354B9FCC}
		{7DD992CF-500A-40E0-9E40-8A83930C76C0} = {85CAE3E7-7B7F-4DE3-8ED9-FB1553F2370C}
		{BD820CB5-60A1-4C7D-8038-6324DF012FCE} = {1BBCEFE6-1F67-4BBB-BDE7-E752AD8B023C}
		{BB1DA312-CEC5-495F-BA88-0AA65FA9B480} = {BD820CB5-60A1-4C7D-8038-6324DF012FCE}
	EndGlobalSection
	GlobalSection(ExtensibilityGlobals) = postSolution
		SolutionGuid = {6F3FC446-CADE-4812-8487-19861157EA49}
	EndGlobalSection
EndGlobal
